// !$*UTF8*$!
{
	archiveVersion = 1;
	classes = {
	};
	objectVersion = 46;
	objects = {

/* Begin PBXBuildFile section */
		0C0C7B7218BCED1800CCF2DC /* FileViewController.m in Sources */ = {isa = PBXBuildFile; fileRef = 0C0C7B7118BCED1800CCF2DC /* FileViewController.m */; };
		0C0F36DD18A5590900AC65FA /* IssueCell.m in Sources */ = {isa = PBXBuildFile; fileRef = 0C0F36DC18A5590900AC65FA /* IssueCell.m */; };
		0C0F36DF18A5591B00AC65FA /* IssueCell.xib in Resources */ = {isa = PBXBuildFile; fileRef = 0C0F36DE18A5591B00AC65FA /* IssueCell.xib */; };
		0C14AEAA18BFE5D30068ECA9 /* shCore.css in Resources */ = {isa = PBXBuildFile; fileRef = 0C14AE7918BFE5D30068ECA9 /* shCore.css */; };
		0C14AEAB18BFE5D30068ECA9 /* shCoreDefault.css in Resources */ = {isa = PBXBuildFile; fileRef = 0C14AE7A18BFE5D30068ECA9 /* shCoreDefault.css */; };
		0C14AEAC18BFE5D30068ECA9 /* shCoreDjango.css in Resources */ = {isa = PBXBuildFile; fileRef = 0C14AE7B18BFE5D30068ECA9 /* shCoreDjango.css */; };
		0C14AEAD18BFE5D30068ECA9 /* shCoreEclipse.css in Resources */ = {isa = PBXBuildFile; fileRef = 0C14AE7C18BFE5D30068ECA9 /* shCoreEclipse.css */; };
		0C14AEAE18BFE5D30068ECA9 /* shCoreEmacs.css in Resources */ = {isa = PBXBuildFile; fileRef = 0C14AE7D18BFE5D30068ECA9 /* shCoreEmacs.css */; };
		0C14AEAF18BFE5D30068ECA9 /* shCoreFadeToGrey.css in Resources */ = {isa = PBXBuildFile; fileRef = 0C14AE7E18BFE5D30068ECA9 /* shCoreFadeToGrey.css */; };
		0C14AEB018BFE5D30068ECA9 /* shCoreMDUltra.css in Resources */ = {isa = PBXBuildFile; fileRef = 0C14AE7F18BFE5D30068ECA9 /* shCoreMDUltra.css */; };
		0C14AEB118BFE5D30068ECA9 /* shCoreMidnight.css in Resources */ = {isa = PBXBuildFile; fileRef = 0C14AE8018BFE5D30068ECA9 /* shCoreMidnight.css */; };
		0C14AEB218BFE5D30068ECA9 /* shCoreRDark.css in Resources */ = {isa = PBXBuildFile; fileRef = 0C14AE8118BFE5D30068ECA9 /* shCoreRDark.css */; };
		0C14AEB318BFE5D30068ECA9 /* shThemeDefault.css in Resources */ = {isa = PBXBuildFile; fileRef = 0C14AE8218BFE5D30068ECA9 /* shThemeDefault.css */; };
		0C14AEB418BFE5D30068ECA9 /* shThemeDjango.css in Resources */ = {isa = PBXBuildFile; fileRef = 0C14AE8318BFE5D30068ECA9 /* shThemeDjango.css */; };
		0C14AEB518BFE5D30068ECA9 /* shThemeEclipse.css in Resources */ = {isa = PBXBuildFile; fileRef = 0C14AE8418BFE5D30068ECA9 /* shThemeEclipse.css */; };
		0C14AEB618BFE5D30068ECA9 /* shThemeEmacs.css in Resources */ = {isa = PBXBuildFile; fileRef = 0C14AE8518BFE5D30068ECA9 /* shThemeEmacs.css */; };
		0C14AEB718BFE5D30068ECA9 /* shThemeFadeToGrey.css in Resources */ = {isa = PBXBuildFile; fileRef = 0C14AE8618BFE5D30068ECA9 /* shThemeFadeToGrey.css */; };
		0C14AEB818BFE5D30068ECA9 /* shThemeMDUltra.css in Resources */ = {isa = PBXBuildFile; fileRef = 0C14AE8718BFE5D30068ECA9 /* shThemeMDUltra.css */; };
		0C14AEB918BFE5D30068ECA9 /* shThemeMidnight.css in Resources */ = {isa = PBXBuildFile; fileRef = 0C14AE8818BFE5D30068ECA9 /* shThemeMidnight.css */; };
		0C14AEBA18BFE5D30068ECA9 /* shThemeRDark.css in Resources */ = {isa = PBXBuildFile; fileRef = 0C14AE8918BFE5D30068ECA9 /* shThemeRDark.css */; };
		0C14AEBB18BFE5D30068ECA9 /* template.html in Resources */ = {isa = PBXBuildFile; fileRef = 0C14AE8A18BFE5D30068ECA9 /* template.html */; };
		0C4694DC18C0C84A00523912 /* shAutoloader.js in Resources */ = {isa = PBXBuildFile; fileRef = 0C14AE5818BFE5D30068ECA9 /* shAutoloader.js */; };
		0C4694DD18C0C84A00523912 /* shBrushAppleScript.js in Resources */ = {isa = PBXBuildFile; fileRef = 0C14AE5918BFE5D30068ECA9 /* shBrushAppleScript.js */; };
		0C4694DE18C0C84A00523912 /* shBrushAS3.js in Resources */ = {isa = PBXBuildFile; fileRef = 0C14AE5A18BFE5D30068ECA9 /* shBrushAS3.js */; };
		0C4694DF18C0C84A00523912 /* shBrushBash.js in Resources */ = {isa = PBXBuildFile; fileRef = 0C14AE5B18BFE5D30068ECA9 /* shBrushBash.js */; };
		0C4694E018C0C84A00523912 /* shBrushColdFusion.js in Resources */ = {isa = PBXBuildFile; fileRef = 0C14AE5C18BFE5D30068ECA9 /* shBrushColdFusion.js */; };
		0C4694E118C0C84A00523912 /* shBrushCpp.js in Resources */ = {isa = PBXBuildFile; fileRef = 0C14AE5D18BFE5D30068ECA9 /* shBrushCpp.js */; };
		0C4694E218C0C84A00523912 /* shBrushCSharp.js in Resources */ = {isa = PBXBuildFile; fileRef = 0C14AE5E18BFE5D30068ECA9 /* shBrushCSharp.js */; };
		0C4694E318C0C84A00523912 /* shBrushCss.js in Resources */ = {isa = PBXBuildFile; fileRef = 0C14AE5F18BFE5D30068ECA9 /* shBrushCss.js */; };
		0C4694E418C0C84A00523912 /* shBrushDelphi.js in Resources */ = {isa = PBXBuildFile; fileRef = 0C14AE6018BFE5D30068ECA9 /* shBrushDelphi.js */; };
		0C4694E518C0C84A00523912 /* shBrushDiff.js in Resources */ = {isa = PBXBuildFile; fileRef = 0C14AE6118BFE5D30068ECA9 /* shBrushDiff.js */; };
		0C4694E618C0C84A00523912 /* shBrushErlang.js in Resources */ = {isa = PBXBuildFile; fileRef = 0C14AE6218BFE5D30068ECA9 /* shBrushErlang.js */; };
		0C4694E718C0C84A00523912 /* shBrushGroovy.js in Resources */ = {isa = PBXBuildFile; fileRef = 0C14AE6318BFE5D30068ECA9 /* shBrushGroovy.js */; };
		0C4694E818C0C84A00523912 /* shBrushJava.js in Resources */ = {isa = PBXBuildFile; fileRef = 0C14AE6418BFE5D30068ECA9 /* shBrushJava.js */; };
		0C4694E918C0C84A00523912 /* shBrushJavaFX.js in Resources */ = {isa = PBXBuildFile; fileRef = 0C14AE6518BFE5D30068ECA9 /* shBrushJavaFX.js */; };
		0C4694EA18C0C84A00523912 /* shBrushJScript.js in Resources */ = {isa = PBXBuildFile; fileRef = 0C14AE6618BFE5D30068ECA9 /* shBrushJScript.js */; };
		0C4694EB18C0C84A00523912 /* shBrushPerl.js in Resources */ = {isa = PBXBuildFile; fileRef = 0C14AE6718BFE5D30068ECA9 /* shBrushPerl.js */; };
		0C4694EC18C0C84A00523912 /* shBrushPhp.js in Resources */ = {isa = PBXBuildFile; fileRef = 0C14AE6818BFE5D30068ECA9 /* shBrushPhp.js */; };
		0C4694ED18C0C84A00523912 /* shBrushPlain.js in Resources */ = {isa = PBXBuildFile; fileRef = 0C14AE6918BFE5D30068ECA9 /* shBrushPlain.js */; };
		0C4694EE18C0C84A00523912 /* shBrushPowerShell.js in Resources */ = {isa = PBXBuildFile; fileRef = 0C14AE6A18BFE5D30068ECA9 /* shBrushPowerShell.js */; };
		0C4694EF18C0C84A00523912 /* shBrushPython.js in Resources */ = {isa = PBXBuildFile; fileRef = 0C14AE6B18BFE5D30068ECA9 /* shBrushPython.js */; };
		0C4694F018C0C84A00523912 /* shBrushRuby.js in Resources */ = {isa = PBXBuildFile; fileRef = 0C14AE6C18BFE5D30068ECA9 /* shBrushRuby.js */; };
		0C4694F118C0C84A00523912 /* shBrushSass.js in Resources */ = {isa = PBXBuildFile; fileRef = 0C14AE6D18BFE5D30068ECA9 /* shBrushSass.js */; };
		0C4694F218C0C84A00523912 /* shBrushScala.js in Resources */ = {isa = PBXBuildFile; fileRef = 0C14AE6E18BFE5D30068ECA9 /* shBrushScala.js */; };
		0C4694F318C0C84A00523912 /* shBrushSql.js in Resources */ = {isa = PBXBuildFile; fileRef = 0C14AE6F18BFE5D30068ECA9 /* shBrushSql.js */; };
		0C4694F418C0C84A00523912 /* shBrushVb.js in Resources */ = {isa = PBXBuildFile; fileRef = 0C14AE7018BFE5D30068ECA9 /* shBrushVb.js */; };
		0C4694F518C0C84A00523912 /* shBrushXml.js in Resources */ = {isa = PBXBuildFile; fileRef = 0C14AE7118BFE5D30068ECA9 /* shBrushXml.js */; };
		0C4694F618C0C84A00523912 /* shCore.js in Resources */ = {isa = PBXBuildFile; fileRef = 0C14AE7218BFE5D30068ECA9 /* shCore.js */; };
		0C4694F718C0C84A00523912 /* shLegacy.js in Resources */ = {isa = PBXBuildFile; fileRef = 0C14AE7318BFE5D30068ECA9 /* shLegacy.js */; };
		0C4694F818C0C84A00523912 /* shAutoloader.js in Resources */ = {isa = PBXBuildFile; fileRef = 0C14AE7518BFE5D30068ECA9 /* shAutoloader.js */; };
		0C4694F918C0C84A00523912 /* shCore.js in Resources */ = {isa = PBXBuildFile; fileRef = 0C14AE7618BFE5D30068ECA9 /* shCore.js */; };
		0C4694FA18C0C84A00523912 /* shLegacy.js in Resources */ = {isa = PBXBuildFile; fileRef = 0C14AE7718BFE5D30068ECA9 /* shLegacy.js */; };
		0C4694FD18C0CA8300523912 /* CodeLoader.m in Sources */ = {isa = PBXBuildFile; fileRef = 0C4694FC18C0CA8300523912 /* CodeLoader.m */; };
		0C4694FF18C121D000523912 /* shBrushObjC.js in Resources */ = {isa = PBXBuildFile; fileRef = 0C4694FE18C121D000523912 /* shBrushObjC.js */; };
		0C5F189618A52CAD0035720D /* ProjectMenuViewController.m in Sources */ = {isa = PBXBuildFile; fileRef = 0C5F189518A52CAD0035720D /* ProjectMenuViewController.m */; };
		0C5F18A218A53D150035720D /* BaseProjectDetailViewController.m in Sources */ = {isa = PBXBuildFile; fileRef = 0C5F18A118A53D150035720D /* BaseProjectDetailViewController.m */; };
		0C5F18A618A540130035720D /* MergeRequestCell.m in Sources */ = {isa = PBXBuildFile; fileRef = 0C5F18A518A540130035720D /* MergeRequestCell.m */; };
		0C5F18A818A5401E0035720D /* MergeRequestCell.xib in Resources */ = {isa = PBXBuildFile; fileRef = 0C5F18A718A5401E0035720D /* MergeRequestCell.xib */; };
		0C9D87B618BD10880023EAEA /* FileViewController.xib in Resources */ = {isa = PBXBuildFile; fileRef = 0C9D87B518BD10880023EAEA /* FileViewController.xib */; };
		0CDA72D518BBD00F00FE1E1D /* FileCell.m in Sources */ = {isa = PBXBuildFile; fileRef = 0CDA72D418BBD00F00FE1E1D /* FileCell.m */; };
		0CDA72D718BBD03500FE1E1D /* FileCell.xib in Resources */ = {isa = PBXBuildFile; fileRef = 0CDA72D618BBD03500FE1E1D /* FileCell.xib */; };
		5D0B0ABE18BD218D00949BF0 /* SingleCommitViewController.m in Sources */ = {isa = PBXBuildFile; fileRef = 5D0B0ABC18BD218D00949BF0 /* SingleCommitViewController.m */; };
		5D0B0ABF18BD218D00949BF0 /* SingleCommitViewController.m in Sources */ = {isa = PBXBuildFile; fileRef = 5D0B0ABC18BD218D00949BF0 /* SingleCommitViewController.m */; };
		5D0B0AC018BD218D00949BF0 /* SingleCommitViewController.xib in Resources */ = {isa = PBXBuildFile; fileRef = 5D0B0ABD18BD218D00949BF0 /* SingleCommitViewController.xib */; };
		5D0B0AC118BD218D00949BF0 /* SingleCommitViewController.xib in Resources */ = {isa = PBXBuildFile; fileRef = 5D0B0ABD18BD218D00949BF0 /* SingleCommitViewController.xib */; };
		5D0B0AC418BD21A000949BF0 /* CommitCell.m in Sources */ = {isa = PBXBuildFile; fileRef = 5D0B0AC318BD21A000949BF0 /* CommitCell.m */; };
		5D0B0AC518BD21A000949BF0 /* CommitCell.m in Sources */ = {isa = PBXBuildFile; fileRef = 5D0B0AC318BD21A000949BF0 /* CommitCell.m */; };
		5D0B0AC718BD21B500949BF0 /* CommitCell.xib in Resources */ = {isa = PBXBuildFile; fileRef = 5D0B0AC618BD21B500949BF0 /* CommitCell.xib */; };
		5D0B0AC818BD21B500949BF0 /* CommitCell.xib in Resources */ = {isa = PBXBuildFile; fileRef = 5D0B0AC618BD21B500949BF0 /* CommitCell.xib */; };
		5D1F5A32A83F440EA1A0E702 /* libPods.a in Frameworks */ = {isa = PBXBuildFile; fileRef = 135504ED168842DAADBC91EC /* libPods.a */; };
		5D74FD6818AAA5BA00656E03 /* UserPreferences.m in Sources */ = {isa = PBXBuildFile; fileRef = 5D74FD6718AAA5BA00656E03 /* UserPreferences.m */; };
		5D74FD6918AAA5BA00656E03 /* UserPreferences.m in Sources */ = {isa = PBXBuildFile; fileRef = 5D74FD6718AAA5BA00656E03 /* UserPreferences.m */; };
		5D74FD7118AAB94500656E03 /* CommitsViewController.m in Sources */ = {isa = PBXBuildFile; fileRef = 5D74FD7018AAB94500656E03 /* CommitsViewController.m */; };
		5D74FD7218AAB94500656E03 /* CommitsViewController.m in Sources */ = {isa = PBXBuildFile; fileRef = 5D74FD7018AAB94500656E03 /* CommitsViewController.m */; };
		5D74FD7518AAB95800656E03 /* FilesViewController.m in Sources */ = {isa = PBXBuildFile; fileRef = 5D74FD7418AAB95800656E03 /* FilesViewController.m */; };
		5D74FD7618AAB95800656E03 /* FilesViewController.m in Sources */ = {isa = PBXBuildFile; fileRef = 5D74FD7418AAB95800656E03 /* FilesViewController.m */; };
		5D74FD7918AAB96000656E03 /* GraphsViewController.m in Sources */ = {isa = PBXBuildFile; fileRef = 5D74FD7818AAB96000656E03 /* GraphsViewController.m */; };
		5D74FD7A18AAB96000656E03 /* GraphsViewController.m in Sources */ = {isa = PBXBuildFile; fileRef = 5D74FD7818AAB96000656E03 /* GraphsViewController.m */; };
		5D74FD8118AAB97100656E03 /* SettingsViewController.m in Sources */ = {isa = PBXBuildFile; fileRef = 5D74FD8018AAB97100656E03 /* SettingsViewController.m */; };
		5D74FD8218AAB97100656E03 /* SettingsViewController.m in Sources */ = {isa = PBXBuildFile; fileRef = 5D74FD8018AAB97100656E03 /* SettingsViewController.m */; };
		5D74FD8618AABED300656E03 /* SingleIssueViewController.m in Sources */ = {isa = PBXBuildFile; fileRef = 5D74FD8418AABED300656E03 /* SingleIssueViewController.m */; };
		5D74FD8718AABED300656E03 /* SingleIssueViewController.m in Sources */ = {isa = PBXBuildFile; fileRef = 5D74FD8418AABED300656E03 /* SingleIssueViewController.m */; };
		5D74FD8818AABED300656E03 /* SingleIssueViewController.xib in Resources */ = {isa = PBXBuildFile; fileRef = 5D74FD8518AABED300656E03 /* SingleIssueViewController.xib */; };
		5D74FD8918AABED300656E03 /* SingleIssueViewController.xib in Resources */ = {isa = PBXBuildFile; fileRef = 5D74FD8518AABED300656E03 /* SingleIssueViewController.xib */; };
		5D74FD8C18AAD25200656E03 /* Constants.m in Sources */ = {isa = PBXBuildFile; fileRef = 5D74FD8B18AAD25200656E03 /* Constants.m */; };
		5D74FD8D18AAD25200656E03 /* Constants.m in Sources */ = {isa = PBXBuildFile; fileRef = 5D74FD8B18AAD25200656E03 /* Constants.m */; };
		5D74FD9418AAE02600656E03 /* CreateProjectViewController.m in Sources */ = {isa = PBXBuildFile; fileRef = 5D74FD9218AAE02600656E03 /* CreateProjectViewController.m */; };
		5D74FD9518AAE02600656E03 /* CreateProjectViewController.m in Sources */ = {isa = PBXBuildFile; fileRef = 5D74FD9218AAE02600656E03 /* CreateProjectViewController.m */; };
		5D74FD9618AAE02600656E03 /* CreateProjectViewController.xib in Resources */ = {isa = PBXBuildFile; fileRef = 5D74FD9318AAE02600656E03 /* CreateProjectViewController.xib */; };
		5D74FD9718AAE02600656E03 /* CreateProjectViewController.xib in Resources */ = {isa = PBXBuildFile; fileRef = 5D74FD9318AAE02600656E03 /* CreateProjectViewController.xib */; };
		5D74FD9F18AD343C00656E03 /* CreateIssueViewController.m in Sources */ = {isa = PBXBuildFile; fileRef = 5D74FD9D18AD343C00656E03 /* CreateIssueViewController.m */; };
		5D74FDA018AD343C00656E03 /* CreateIssueViewController.m in Sources */ = {isa = PBXBuildFile; fileRef = 5D74FD9D18AD343C00656E03 /* CreateIssueViewController.m */; };
		5D74FDA118AD343C00656E03 /* CreateIssueViewController.xib in Resources */ = {isa = PBXBuildFile; fileRef = 5D74FD9E18AD343C00656E03 /* CreateIssueViewController.xib */; };
		5D74FDA218AD343C00656E03 /* CreateIssueViewController.xib in Resources */ = {isa = PBXBuildFile; fileRef = 5D74FD9E18AD343C00656E03 /* CreateIssueViewController.xib */; };
		5D74FDA518AD3D6F00656E03 /* UIAlertView+Blocks.m in Sources */ = {isa = PBXBuildFile; fileRef = 5D74FDA418AD3D6F00656E03 /* UIAlertView+Blocks.m */; };
		5D74FDA618AD3D6F00656E03 /* UIAlertView+Blocks.m in Sources */ = {isa = PBXBuildFile; fileRef = 5D74FDA418AD3D6F00656E03 /* UIAlertView+Blocks.m */; };
		5D74FDAD18AD3F5B00656E03 /* GLNavigationController.m in Sources */ = {isa = PBXBuildFile; fileRef = 5D74FDAC18AD3F5B00656E03 /* GLNavigationController.m */; };
		5D74FDAE18AD3F5B00656E03 /* GLNavigationController.m in Sources */ = {isa = PBXBuildFile; fileRef = 5D74FDAC18AD3F5B00656E03 /* GLNavigationController.m */; };
		5D74FDB218AD53C000656E03 /* CreateMergeRequestViewController.m in Sources */ = {isa = PBXBuildFile; fileRef = 5D74FDB018AD53C000656E03 /* CreateMergeRequestViewController.m */; };
		5D74FDB318AD53C000656E03 /* CreateMergeRequestViewController.m in Sources */ = {isa = PBXBuildFile; fileRef = 5D74FDB018AD53C000656E03 /* CreateMergeRequestViewController.m */; };
		5D74FDB418AD53C000656E03 /* CreateMergeRequestViewController.xib in Resources */ = {isa = PBXBuildFile; fileRef = 5D74FDB118AD53C000656E03 /* CreateMergeRequestViewController.xib */; };
		5D74FDB518AD53C000656E03 /* CreateMergeRequestViewController.xib in Resources */ = {isa = PBXBuildFile; fileRef = 5D74FDB118AD53C000656E03 /* CreateMergeRequestViewController.xib */; };
		5D74FDB918AD748F00656E03 /* SingleMergeRequestViewController.m in Sources */ = {isa = PBXBuildFile; fileRef = 5D74FDB718AD748F00656E03 /* SingleMergeRequestViewController.m */; };
		5D74FDBA18AD748F00656E03 /* SingleMergeRequestViewController.m in Sources */ = {isa = PBXBuildFile; fileRef = 5D74FDB718AD748F00656E03 /* SingleMergeRequestViewController.m */; };
		5D74FDBB18AD748F00656E03 /* SingleMergeRequestViewController.xib in Resources */ = {isa = PBXBuildFile; fileRef = 5D74FDB818AD748F00656E03 /* SingleMergeRequestViewController.xib */; };
		5D74FDBC18AD748F00656E03 /* SingleMergeRequestViewController.xib in Resources */ = {isa = PBXBuildFile; fileRef = 5D74FDB818AD748F00656E03 /* SingleMergeRequestViewController.xib */; };
		5D8A582318A19E6400D1D2B7 /* Foundation.framework in Frameworks */ = {isa = PBXBuildFile; fileRef = 5D8A582218A19E6400D1D2B7 /* Foundation.framework */; };
		5D8A582518A19E6400D1D2B7 /* CoreGraphics.framework in Frameworks */ = {isa = PBXBuildFile; fileRef = 5D8A582418A19E6400D1D2B7 /* CoreGraphics.framework */; };
		5D8A582718A19E6400D1D2B7 /* UIKit.framework in Frameworks */ = {isa = PBXBuildFile; fileRef = 5D8A582618A19E6400D1D2B7 /* UIKit.framework */; };
		5D8A582D18A19E6400D1D2B7 /* InfoPlist.strings in Resources */ = {isa = PBXBuildFile; fileRef = 5D8A582B18A19E6400D1D2B7 /* InfoPlist.strings */; };
		5D8A582F18A19E6400D1D2B7 /* main.m in Sources */ = {isa = PBXBuildFile; fileRef = 5D8A582E18A19E6400D1D2B7 /* main.m */; };
		5D8A583318A19E6400D1D2B7 /* AppDelegate.m in Sources */ = {isa = PBXBuildFile; fileRef = 5D8A583218A19E6400D1D2B7 /* AppDelegate.m */; };
		5D8A583518A19E6400D1D2B7 /* Images.xcassets in Resources */ = {isa = PBXBuildFile; fileRef = 5D8A583418A19E6400D1D2B7 /* Images.xcassets */; };
		5D8A583C18A19E6400D1D2B7 /* XCTest.framework in Frameworks */ = {isa = PBXBuildFile; fileRef = 5D8A583B18A19E6400D1D2B7 /* XCTest.framework */; };
		5D8A583D18A19E6400D1D2B7 /* Foundation.framework in Frameworks */ = {isa = PBXBuildFile; fileRef = 5D8A582218A19E6400D1D2B7 /* Foundation.framework */; };
		5D8A583E18A19E6400D1D2B7 /* UIKit.framework in Frameworks */ = {isa = PBXBuildFile; fileRef = 5D8A582618A19E6400D1D2B7 /* UIKit.framework */; };
		5D8A584618A19E6400D1D2B7 /* InfoPlist.strings in Resources */ = {isa = PBXBuildFile; fileRef = 5D8A584418A19E6400D1D2B7 /* InfoPlist.strings */; };
		5D8A584818A19E6400D1D2B7 /* GitLabViewerTests.m in Sources */ = {isa = PBXBuildFile; fileRef = 5D8A584718A19E6400D1D2B7 /* GitLabViewerTests.m */; };
		5D8A585518A19F4400D1D2B7 /* LoginViewController.m in Sources */ = {isa = PBXBuildFile; fileRef = 5D8A585318A19F4400D1D2B7 /* LoginViewController.m */; };
		5D8A585618A19F4400D1D2B7 /* LoginViewController.m in Sources */ = {isa = PBXBuildFile; fileRef = 5D8A585318A19F4400D1D2B7 /* LoginViewController.m */; };
		5D8A585718A19F4400D1D2B7 /* LoginViewController.xib in Resources */ = {isa = PBXBuildFile; fileRef = 5D8A585418A19F4400D1D2B7 /* LoginViewController.xib */; };
		5D8A585818A19F4400D1D2B7 /* LoginViewController.xib in Resources */ = {isa = PBXBuildFile; fileRef = 5D8A585418A19F4400D1D2B7 /* LoginViewController.xib */; };
		5D8A586F18A1A45A00D1D2B7 /* ProjectsViewController.m in Sources */ = {isa = PBXBuildFile; fileRef = 5D8A586E18A1A45A00D1D2B7 /* ProjectsViewController.m */; };
		5D8A587018A1A45A00D1D2B7 /* ProjectsViewController.m in Sources */ = {isa = PBXBuildFile; fileRef = 5D8A586E18A1A45A00D1D2B7 /* ProjectsViewController.m */; };
		5D8A588318A3316D00D1D2B7 /* IssuesViewController.m in Sources */ = {isa = PBXBuildFile; fileRef = 5D8A588218A3316D00D1D2B7 /* IssuesViewController.m */; };
		5D8A588418A3316D00D1D2B7 /* IssuesViewController.m in Sources */ = {isa = PBXBuildFile; fileRef = 5D8A588218A3316D00D1D2B7 /* IssuesViewController.m */; };
		5D8A588718A3318F00D1D2B7 /* MergeRequestsViewController.m in Sources */ = {isa = PBXBuildFile; fileRef = 5D8A588618A3318F00D1D2B7 /* MergeRequestsViewController.m */; };
		5D8A588818A3318F00D1D2B7 /* MergeRequestsViewController.m in Sources */ = {isa = PBXBuildFile; fileRef = 5D8A588618A3318F00D1D2B7 /* MergeRequestsViewController.m */; };
		5D8A5ABD18A4113600D1D2B7 /* ProjectsCell.m in Sources */ = {isa = PBXBuildFile; fileRef = 5D8A5ABC18A4113600D1D2B7 /* ProjectsCell.m */; };
		5D8A5ABE18A4113600D1D2B7 /* ProjectsCell.m in Sources */ = {isa = PBXBuildFile; fileRef = 5D8A5ABC18A4113600D1D2B7 /* ProjectsCell.m */; };
		5D8A5AC018A4114E00D1D2B7 /* ProjectsCell.xib in Resources */ = {isa = PBXBuildFile; fileRef = 5D8A5ABF18A4114E00D1D2B7 /* ProjectsCell.xib */; };
		5D8A5AC118A4114E00D1D2B7 /* ProjectsCell.xib in Resources */ = {isa = PBXBuildFile; fileRef = 5D8A5ABF18A4114E00D1D2B7 /* ProjectsCell.xib */; };
/* End PBXBuildFile section */

/* Begin PBXContainerItemProxy section */
		5D8A583F18A19E6400D1D2B7 /* PBXContainerItemProxy */ = {
			isa = PBXContainerItemProxy;
			containerPortal = 5D8A581718A19E6400D1D2B7 /* Project object */;
			proxyType = 1;
			remoteGlobalIDString = 5D8A581E18A19E6400D1D2B7;
			remoteInfo = GitLabViewer;
		};
/* End PBXContainerItemProxy section */

/* Begin PBXFileReference section */
		0C0C7B7018BCED1800CCF2DC /* FileViewController.h */ = {isa = PBXFileReference; fileEncoding = 4; lastKnownFileType = sourcecode.c.h; path = FileViewController.h; sourceTree = "<group>"; };
		0C0C7B7118BCED1800CCF2DC /* FileViewController.m */ = {isa = PBXFileReference; fileEncoding = 4; lastKnownFileType = sourcecode.c.objc; path = FileViewController.m; sourceTree = "<group>"; };
		0C0F36DB18A5590900AC65FA /* IssueCell.h */ = {isa = PBXFileReference; fileEncoding = 4; lastKnownFileType = sourcecode.c.h; path = IssueCell.h; sourceTree = "<group>"; };
		0C0F36DC18A5590900AC65FA /* IssueCell.m */ = {isa = PBXFileReference; fileEncoding = 4; lastKnownFileType = sourcecode.c.objc; path = IssueCell.m; sourceTree = "<group>"; };
		0C0F36DE18A5591B00AC65FA /* IssueCell.xib */ = {isa = PBXFileReference; fileEncoding = 4; lastKnownFileType = file.xib; path = IssueCell.xib; sourceTree = "<group>"; };
		0C14AE5818BFE5D30068ECA9 /* shAutoloader.js */ = {isa = PBXFileReference; fileEncoding = 4; lastKnownFileType = sourcecode.javascript; path = shAutoloader.js; sourceTree = "<group>"; };
		0C14AE5918BFE5D30068ECA9 /* shBrushAppleScript.js */ = {isa = PBXFileReference; fileEncoding = 4; lastKnownFileType = sourcecode.javascript; path = shBrushAppleScript.js; sourceTree = "<group>"; };
		0C14AE5A18BFE5D30068ECA9 /* shBrushAS3.js */ = {isa = PBXFileReference; fileEncoding = 4; lastKnownFileType = sourcecode.javascript; path = shBrushAS3.js; sourceTree = "<group>"; };
		0C14AE5B18BFE5D30068ECA9 /* shBrushBash.js */ = {isa = PBXFileReference; fileEncoding = 4; lastKnownFileType = sourcecode.javascript; path = shBrushBash.js; sourceTree = "<group>"; };
		0C14AE5C18BFE5D30068ECA9 /* shBrushColdFusion.js */ = {isa = PBXFileReference; fileEncoding = 4; lastKnownFileType = sourcecode.javascript; path = shBrushColdFusion.js; sourceTree = "<group>"; };
		0C14AE5D18BFE5D30068ECA9 /* shBrushCpp.js */ = {isa = PBXFileReference; fileEncoding = 4; lastKnownFileType = sourcecode.javascript; path = shBrushCpp.js; sourceTree = "<group>"; };
		0C14AE5E18BFE5D30068ECA9 /* shBrushCSharp.js */ = {isa = PBXFileReference; fileEncoding = 4; lastKnownFileType = sourcecode.javascript; path = shBrushCSharp.js; sourceTree = "<group>"; };
		0C14AE5F18BFE5D30068ECA9 /* shBrushCss.js */ = {isa = PBXFileReference; fileEncoding = 4; lastKnownFileType = sourcecode.javascript; path = shBrushCss.js; sourceTree = "<group>"; };
		0C14AE6018BFE5D30068ECA9 /* shBrushDelphi.js */ = {isa = PBXFileReference; fileEncoding = 4; lastKnownFileType = sourcecode.javascript; path = shBrushDelphi.js; sourceTree = "<group>"; };
		0C14AE6118BFE5D30068ECA9 /* shBrushDiff.js */ = {isa = PBXFileReference; fileEncoding = 4; lastKnownFileType = sourcecode.javascript; path = shBrushDiff.js; sourceTree = "<group>"; };
		0C14AE6218BFE5D30068ECA9 /* shBrushErlang.js */ = {isa = PBXFileReference; fileEncoding = 4; lastKnownFileType = sourcecode.javascript; path = shBrushErlang.js; sourceTree = "<group>"; };
		0C14AE6318BFE5D30068ECA9 /* shBrushGroovy.js */ = {isa = PBXFileReference; fileEncoding = 4; lastKnownFileType = sourcecode.javascript; path = shBrushGroovy.js; sourceTree = "<group>"; };
		0C14AE6418BFE5D30068ECA9 /* shBrushJava.js */ = {isa = PBXFileReference; fileEncoding = 4; lastKnownFileType = sourcecode.javascript; path = shBrushJava.js; sourceTree = "<group>"; };
		0C14AE6518BFE5D30068ECA9 /* shBrushJavaFX.js */ = {isa = PBXFileReference; fileEncoding = 4; lastKnownFileType = sourcecode.javascript; path = shBrushJavaFX.js; sourceTree = "<group>"; };
		0C14AE6618BFE5D30068ECA9 /* shBrushJScript.js */ = {isa = PBXFileReference; fileEncoding = 4; lastKnownFileType = sourcecode.javascript; path = shBrushJScript.js; sourceTree = "<group>"; };
		0C14AE6718BFE5D30068ECA9 /* shBrushPerl.js */ = {isa = PBXFileReference; fileEncoding = 4; lastKnownFileType = sourcecode.javascript; path = shBrushPerl.js; sourceTree = "<group>"; };
		0C14AE6818BFE5D30068ECA9 /* shBrushPhp.js */ = {isa = PBXFileReference; fileEncoding = 4; lastKnownFileType = sourcecode.javascript; path = shBrushPhp.js; sourceTree = "<group>"; };
		0C14AE6918BFE5D30068ECA9 /* shBrushPlain.js */ = {isa = PBXFileReference; fileEncoding = 4; lastKnownFileType = sourcecode.javascript; path = shBrushPlain.js; sourceTree = "<group>"; };
		0C14AE6A18BFE5D30068ECA9 /* shBrushPowerShell.js */ = {isa = PBXFileReference; fileEncoding = 4; lastKnownFileType = sourcecode.javascript; path = shBrushPowerShell.js; sourceTree = "<group>"; };
		0C14AE6B18BFE5D30068ECA9 /* shBrushPython.js */ = {isa = PBXFileReference; fileEncoding = 4; lastKnownFileType = sourcecode.javascript; path = shBrushPython.js; sourceTree = "<group>"; };
		0C14AE6C18BFE5D30068ECA9 /* shBrushRuby.js */ = {isa = PBXFileReference; fileEncoding = 4; lastKnownFileType = sourcecode.javascript; path = shBrushRuby.js; sourceTree = "<group>"; };
		0C14AE6D18BFE5D30068ECA9 /* shBrushSass.js */ = {isa = PBXFileReference; fileEncoding = 4; lastKnownFileType = sourcecode.javascript; path = shBrushSass.js; sourceTree = "<group>"; };
		0C14AE6E18BFE5D30068ECA9 /* shBrushScala.js */ = {isa = PBXFileReference; fileEncoding = 4; lastKnownFileType = sourcecode.javascript; path = shBrushScala.js; sourceTree = "<group>"; };
		0C14AE6F18BFE5D30068ECA9 /* shBrushSql.js */ = {isa = PBXFileReference; fileEncoding = 4; lastKnownFileType = sourcecode.javascript; path = shBrushSql.js; sourceTree = "<group>"; };
		0C14AE7018BFE5D30068ECA9 /* shBrushVb.js */ = {isa = PBXFileReference; fileEncoding = 4; lastKnownFileType = sourcecode.javascript; path = shBrushVb.js; sourceTree = "<group>"; };
		0C14AE7118BFE5D30068ECA9 /* shBrushXml.js */ = {isa = PBXFileReference; fileEncoding = 4; lastKnownFileType = sourcecode.javascript; path = shBrushXml.js; sourceTree = "<group>"; };
		0C14AE7218BFE5D30068ECA9 /* shCore.js */ = {isa = PBXFileReference; fileEncoding = 4; lastKnownFileType = sourcecode.javascript; path = shCore.js; sourceTree = "<group>"; };
		0C14AE7318BFE5D30068ECA9 /* shLegacy.js */ = {isa = PBXFileReference; fileEncoding = 4; lastKnownFileType = sourcecode.javascript; path = shLegacy.js; sourceTree = "<group>"; };
		0C14AE7518BFE5D30068ECA9 /* shAutoloader.js */ = {isa = PBXFileReference; fileEncoding = 4; lastKnownFileType = sourcecode.javascript; path = shAutoloader.js; sourceTree = "<group>"; };
		0C14AE7618BFE5D30068ECA9 /* shCore.js */ = {isa = PBXFileReference; fileEncoding = 4; lastKnownFileType = sourcecode.javascript; path = shCore.js; sourceTree = "<group>"; };
		0C14AE7718BFE5D30068ECA9 /* shLegacy.js */ = {isa = PBXFileReference; fileEncoding = 4; lastKnownFileType = sourcecode.javascript; path = shLegacy.js; sourceTree = "<group>"; };
		0C14AE7918BFE5D30068ECA9 /* shCore.css */ = {isa = PBXFileReference; fileEncoding = 4; lastKnownFileType = text.css; path = shCore.css; sourceTree = "<group>"; };
		0C14AE7A18BFE5D30068ECA9 /* shCoreDefault.css */ = {isa = PBXFileReference; fileEncoding = 4; lastKnownFileType = text.css; path = shCoreDefault.css; sourceTree = "<group>"; };
		0C14AE7B18BFE5D30068ECA9 /* shCoreDjango.css */ = {isa = PBXFileReference; fileEncoding = 4; lastKnownFileType = text.css; path = shCoreDjango.css; sourceTree = "<group>"; };
		0C14AE7C18BFE5D30068ECA9 /* shCoreEclipse.css */ = {isa = PBXFileReference; fileEncoding = 4; lastKnownFileType = text.css; path = shCoreEclipse.css; sourceTree = "<group>"; };
		0C14AE7D18BFE5D30068ECA9 /* shCoreEmacs.css */ = {isa = PBXFileReference; fileEncoding = 4; lastKnownFileType = text.css; path = shCoreEmacs.css; sourceTree = "<group>"; };
		0C14AE7E18BFE5D30068ECA9 /* shCoreFadeToGrey.css */ = {isa = PBXFileReference; fileEncoding = 4; lastKnownFileType = text.css; path = shCoreFadeToGrey.css; sourceTree = "<group>"; };
		0C14AE7F18BFE5D30068ECA9 /* shCoreMDUltra.css */ = {isa = PBXFileReference; fileEncoding = 4; lastKnownFileType = text.css; path = shCoreMDUltra.css; sourceTree = "<group>"; };
		0C14AE8018BFE5D30068ECA9 /* shCoreMidnight.css */ = {isa = PBXFileReference; fileEncoding = 4; lastKnownFileType = text.css; path = shCoreMidnight.css; sourceTree = "<group>"; };
		0C14AE8118BFE5D30068ECA9 /* shCoreRDark.css */ = {isa = PBXFileReference; fileEncoding = 4; lastKnownFileType = text.css; path = shCoreRDark.css; sourceTree = "<group>"; };
		0C14AE8218BFE5D30068ECA9 /* shThemeDefault.css */ = {isa = PBXFileReference; fileEncoding = 4; lastKnownFileType = text.css; path = shThemeDefault.css; sourceTree = "<group>"; };
		0C14AE8318BFE5D30068ECA9 /* shThemeDjango.css */ = {isa = PBXFileReference; fileEncoding = 4; lastKnownFileType = text.css; path = shThemeDjango.css; sourceTree = "<group>"; };
		0C14AE8418BFE5D30068ECA9 /* shThemeEclipse.css */ = {isa = PBXFileReference; fileEncoding = 4; lastKnownFileType = text.css; path = shThemeEclipse.css; sourceTree = "<group>"; };
		0C14AE8518BFE5D30068ECA9 /* shThemeEmacs.css */ = {isa = PBXFileReference; fileEncoding = 4; lastKnownFileType = text.css; path = shThemeEmacs.css; sourceTree = "<group>"; };
		0C14AE8618BFE5D30068ECA9 /* shThemeFadeToGrey.css */ = {isa = PBXFileReference; fileEncoding = 4; lastKnownFileType = text.css; path = shThemeFadeToGrey.css; sourceTree = "<group>"; };
		0C14AE8718BFE5D30068ECA9 /* shThemeMDUltra.css */ = {isa = PBXFileReference; fileEncoding = 4; lastKnownFileType = text.css; path = shThemeMDUltra.css; sourceTree = "<group>"; };
		0C14AE8818BFE5D30068ECA9 /* shThemeMidnight.css */ = {isa = PBXFileReference; fileEncoding = 4; lastKnownFileType = text.css; path = shThemeMidnight.css; sourceTree = "<group>"; };
		0C14AE8918BFE5D30068ECA9 /* shThemeRDark.css */ = {isa = PBXFileReference; fileEncoding = 4; lastKnownFileType = text.css; path = shThemeRDark.css; sourceTree = "<group>"; };
		0C14AE8A18BFE5D30068ECA9 /* template.html */ = {isa = PBXFileReference; fileEncoding = 4; lastKnownFileType = text.html; path = template.html; sourceTree = "<group>"; };
		0C4694FB18C0CA8300523912 /* CodeLoader.h */ = {isa = PBXFileReference; fileEncoding = 4; lastKnownFileType = sourcecode.c.h; path = CodeLoader.h; sourceTree = "<group>"; };
		0C4694FC18C0CA8300523912 /* CodeLoader.m */ = {isa = PBXFileReference; fileEncoding = 4; lastKnownFileType = sourcecode.c.objc; path = CodeLoader.m; sourceTree = "<group>"; };
		0C4694FE18C121D000523912 /* shBrushObjC.js */ = {isa = PBXFileReference; fileEncoding = 4; lastKnownFileType = sourcecode.javascript; path = shBrushObjC.js; sourceTree = "<group>"; };
		0C5F189418A52CAD0035720D /* ProjectMenuViewController.h */ = {isa = PBXFileReference; fileEncoding = 4; lastKnownFileType = sourcecode.c.h; path = ProjectMenuViewController.h; sourceTree = "<group>"; };
		0C5F189518A52CAD0035720D /* ProjectMenuViewController.m */ = {isa = PBXFileReference; fileEncoding = 4; lastKnownFileType = sourcecode.c.objc; path = ProjectMenuViewController.m; sourceTree = "<group>"; };
		0C5F18A018A53D150035720D /* BaseProjectDetailViewController.h */ = {isa = PBXFileReference; fileEncoding = 4; lastKnownFileType = sourcecode.c.h; name = BaseProjectDetailViewController.h; path = "Base Project Details/BaseProjectDetailViewController.h"; sourceTree = "<group>"; };
		0C5F18A118A53D150035720D /* BaseProjectDetailViewController.m */ = {isa = PBXFileReference; fileEncoding = 4; lastKnownFileType = sourcecode.c.objc; name = BaseProjectDetailViewController.m; path = "Base Project Details/BaseProjectDetailViewController.m"; sourceTree = "<group>"; };
		0C5F18A418A540130035720D /* MergeRequestCell.h */ = {isa = PBXFileReference; fileEncoding = 4; lastKnownFileType = sourcecode.c.h; path = MergeRequestCell.h; sourceTree = "<group>"; };
		0C5F18A518A540130035720D /* MergeRequestCell.m */ = {isa = PBXFileReference; fileEncoding = 4; lastKnownFileType = sourcecode.c.objc; path = MergeRequestCell.m; sourceTree = "<group>"; };
		0C5F18A718A5401E0035720D /* MergeRequestCell.xib */ = {isa = PBXFileReference; fileEncoding = 4; lastKnownFileType = file.xib; path = MergeRequestCell.xib; sourceTree = "<group>"; };
		0C9621D618BF849E00A257B9 /* ProjectViewController.h */ = {isa = PBXFileReference; lastKnownFileType = sourcecode.c.h; path = ProjectViewController.h; sourceTree = "<group>"; };
		0C9D87B518BD10880023EAEA /* FileViewController.xib */ = {isa = PBXFileReference; fileEncoding = 4; lastKnownFileType = file.xib; path = FileViewController.xib; sourceTree = "<group>"; };
		0CDA72D318BBD00F00FE1E1D /* FileCell.h */ = {isa = PBXFileReference; fileEncoding = 4; lastKnownFileType = sourcecode.c.h; path = FileCell.h; sourceTree = "<group>"; };
		0CDA72D418BBD00F00FE1E1D /* FileCell.m */ = {isa = PBXFileReference; fileEncoding = 4; lastKnownFileType = sourcecode.c.objc; path = FileCell.m; sourceTree = "<group>"; };
		0CDA72D618BBD03500FE1E1D /* FileCell.xib */ = {isa = PBXFileReference; fileEncoding = 4; lastKnownFileType = file.xib; path = FileCell.xib; sourceTree = "<group>"; };
		135504ED168842DAADBC91EC /* libPods.a */ = {isa = PBXFileReference; explicitFileType = archive.ar; includeInIndex = 0; path = libPods.a; sourceTree = BUILT_PRODUCTS_DIR; };
		5D0B0ABB18BD218D00949BF0 /* SingleCommitViewController.h */ = {isa = PBXFileReference; fileEncoding = 4; lastKnownFileType = sourcecode.c.h; path = SingleCommitViewController.h; sourceTree = "<group>"; };
		5D0B0ABC18BD218D00949BF0 /* SingleCommitViewController.m */ = {isa = PBXFileReference; fileEncoding = 4; lastKnownFileType = sourcecode.c.objc; path = SingleCommitViewController.m; sourceTree = "<group>"; };
		5D0B0ABD18BD218D00949BF0 /* SingleCommitViewController.xib */ = {isa = PBXFileReference; fileEncoding = 4; lastKnownFileType = file.xib; path = SingleCommitViewController.xib; sourceTree = "<group>"; };
		5D0B0AC218BD21A000949BF0 /* CommitCell.h */ = {isa = PBXFileReference; fileEncoding = 4; lastKnownFileType = sourcecode.c.h; path = CommitCell.h; sourceTree = "<group>"; };
		5D0B0AC318BD21A000949BF0 /* CommitCell.m */ = {isa = PBXFileReference; fileEncoding = 4; lastKnownFileType = sourcecode.c.objc; path = CommitCell.m; sourceTree = "<group>"; };
		5D0B0AC618BD21B500949BF0 /* CommitCell.xib */ = {isa = PBXFileReference; fileEncoding = 4; lastKnownFileType = file.xib; path = CommitCell.xib; sourceTree = "<group>"; };
		5D74FD6618AAA5BA00656E03 /* UserPreferences.h */ = {isa = PBXFileReference; fileEncoding = 4; lastKnownFileType = sourcecode.c.h; path = UserPreferences.h; sourceTree = "<group>"; };
		5D74FD6718AAA5BA00656E03 /* UserPreferences.m */ = {isa = PBXFileReference; fileEncoding = 4; lastKnownFileType = sourcecode.c.objc; path = UserPreferences.m; sourceTree = "<group>"; };
		5D74FD6F18AAB94500656E03 /* CommitsViewController.h */ = {isa = PBXFileReference; fileEncoding = 4; lastKnownFileType = sourcecode.c.h; path = CommitsViewController.h; sourceTree = "<group>"; };
		5D74FD7018AAB94500656E03 /* CommitsViewController.m */ = {isa = PBXFileReference; fileEncoding = 4; lastKnownFileType = sourcecode.c.objc; path = CommitsViewController.m; sourceTree = "<group>"; };
		5D74FD7318AAB95800656E03 /* FilesViewController.h */ = {isa = PBXFileReference; fileEncoding = 4; lastKnownFileType = sourcecode.c.h; path = FilesViewController.h; sourceTree = "<group>"; };
		5D74FD7418AAB95800656E03 /* FilesViewController.m */ = {isa = PBXFileReference; fileEncoding = 4; lastKnownFileType = sourcecode.c.objc; path = FilesViewController.m; sourceTree = "<group>"; };
		5D74FD7718AAB96000656E03 /* GraphsViewController.h */ = {isa = PBXFileReference; fileEncoding = 4; lastKnownFileType = sourcecode.c.h; path = GraphsViewController.h; sourceTree = "<group>"; };
		5D74FD7818AAB96000656E03 /* GraphsViewController.m */ = {isa = PBXFileReference; fileEncoding = 4; lastKnownFileType = sourcecode.c.objc; path = GraphsViewController.m; sourceTree = "<group>"; };
		5D74FD7F18AAB97100656E03 /* SettingsViewController.h */ = {isa = PBXFileReference; fileEncoding = 4; lastKnownFileType = sourcecode.c.h; path = SettingsViewController.h; sourceTree = "<group>"; };
		5D74FD8018AAB97100656E03 /* SettingsViewController.m */ = {isa = PBXFileReference; fileEncoding = 4; lastKnownFileType = sourcecode.c.objc; path = SettingsViewController.m; sourceTree = "<group>"; };
		5D74FD8318AABED300656E03 /* SingleIssueViewController.h */ = {isa = PBXFileReference; fileEncoding = 4; lastKnownFileType = sourcecode.c.h; path = SingleIssueViewController.h; sourceTree = "<group>"; };
		5D74FD8418AABED300656E03 /* SingleIssueViewController.m */ = {isa = PBXFileReference; fileEncoding = 4; lastKnownFileType = sourcecode.c.objc; path = SingleIssueViewController.m; sourceTree = "<group>"; };
		5D74FD8518AABED300656E03 /* SingleIssueViewController.xib */ = {isa = PBXFileReference; fileEncoding = 4; lastKnownFileType = file.xib; path = SingleIssueViewController.xib; sourceTree = "<group>"; };
		5D74FD8A18AAD25200656E03 /* Constants.h */ = {isa = PBXFileReference; fileEncoding = 4; lastKnownFileType = sourcecode.c.h; path = Constants.h; sourceTree = "<group>"; };
		5D74FD8B18AAD25200656E03 /* Constants.m */ = {isa = PBXFileReference; fileEncoding = 4; lastKnownFileType = sourcecode.c.objc; path = Constants.m; sourceTree = "<group>"; };
		5D74FD9118AAE02600656E03 /* CreateProjectViewController.h */ = {isa = PBXFileReference; fileEncoding = 4; lastKnownFileType = sourcecode.c.h; path = CreateProjectViewController.h; sourceTree = "<group>"; };
		5D74FD9218AAE02600656E03 /* CreateProjectViewController.m */ = {isa = PBXFileReference; fileEncoding = 4; lastKnownFileType = sourcecode.c.objc; path = CreateProjectViewController.m; sourceTree = "<group>"; };
		5D74FD9318AAE02600656E03 /* CreateProjectViewController.xib */ = {isa = PBXFileReference; fileEncoding = 4; lastKnownFileType = file.xib; path = CreateProjectViewController.xib; sourceTree = "<group>"; };
		5D74FD9C18AD343C00656E03 /* CreateIssueViewController.h */ = {isa = PBXFileReference; fileEncoding = 4; lastKnownFileType = sourcecode.c.h; path = CreateIssueViewController.h; sourceTree = "<group>"; };
		5D74FD9D18AD343C00656E03 /* CreateIssueViewController.m */ = {isa = PBXFileReference; fileEncoding = 4; lastKnownFileType = sourcecode.c.objc; path = CreateIssueViewController.m; sourceTree = "<group>"; };
		5D74FD9E18AD343C00656E03 /* CreateIssueViewController.xib */ = {isa = PBXFileReference; fileEncoding = 4; lastKnownFileType = file.xib; path = CreateIssueViewController.xib; sourceTree = "<group>"; };
		5D74FDA318AD3D6F00656E03 /* UIAlertView+Blocks.h */ = {isa = PBXFileReference; fileEncoding = 4; lastKnownFileType = sourcecode.c.h; path = "UIAlertView+Blocks.h"; sourceTree = "<group>"; };
		5D74FDA418AD3D6F00656E03 /* UIAlertView+Blocks.m */ = {isa = PBXFileReference; fileEncoding = 4; lastKnownFileType = sourcecode.c.objc; path = "UIAlertView+Blocks.m"; sourceTree = "<group>"; };
		5D74FDAB18AD3F5B00656E03 /* GLNavigationController.h */ = {isa = PBXFileReference; fileEncoding = 4; lastKnownFileType = sourcecode.c.h; path = GLNavigationController.h; sourceTree = "<group>"; };
		5D74FDAC18AD3F5B00656E03 /* GLNavigationController.m */ = {isa = PBXFileReference; fileEncoding = 4; lastKnownFileType = sourcecode.c.objc; path = GLNavigationController.m; sourceTree = "<group>"; };
		5D74FDAF18AD53C000656E03 /* CreateMergeRequestViewController.h */ = {isa = PBXFileReference; fileEncoding = 4; lastKnownFileType = sourcecode.c.h; path = CreateMergeRequestViewController.h; sourceTree = "<group>"; };
		5D74FDB018AD53C000656E03 /* CreateMergeRequestViewController.m */ = {isa = PBXFileReference; fileEncoding = 4; lastKnownFileType = sourcecode.c.objc; path = CreateMergeRequestViewController.m; sourceTree = "<group>"; };
		5D74FDB118AD53C000656E03 /* CreateMergeRequestViewController.xib */ = {isa = PBXFileReference; fileEncoding = 4; lastKnownFileType = file.xib; path = CreateMergeRequestViewController.xib; sourceTree = "<group>"; };
		5D74FDB618AD748F00656E03 /* SingleMergeRequestViewController.h */ = {isa = PBXFileReference; fileEncoding = 4; lastKnownFileType = sourcecode.c.h; path = SingleMergeRequestViewController.h; sourceTree = "<group>"; };
		5D74FDB718AD748F00656E03 /* SingleMergeRequestViewController.m */ = {isa = PBXFileReference; fileEncoding = 4; lastKnownFileType = sourcecode.c.objc; path = SingleMergeRequestViewController.m; sourceTree = "<group>"; };
		5D74FDB818AD748F00656E03 /* SingleMergeRequestViewController.xib */ = {isa = PBXFileReference; fileEncoding = 4; lastKnownFileType = file.xib; path = SingleMergeRequestViewController.xib; sourceTree = "<group>"; };
		5D8A581F18A19E6400D1D2B7 /* GitLabViewer.app */ = {isa = PBXFileReference; explicitFileType = wrapper.application; includeInIndex = 0; path = GitLabViewer.app; sourceTree = BUILT_PRODUCTS_DIR; };
		5D8A582218A19E6400D1D2B7 /* Foundation.framework */ = {isa = PBXFileReference; lastKnownFileType = wrapper.framework; name = Foundation.framework; path = System/Library/Frameworks/Foundation.framework; sourceTree = SDKROOT; };
		5D8A582418A19E6400D1D2B7 /* CoreGraphics.framework */ = {isa = PBXFileReference; lastKnownFileType = wrapper.framework; name = CoreGraphics.framework; path = System/Library/Frameworks/CoreGraphics.framework; sourceTree = SDKROOT; };
		5D8A582618A19E6400D1D2B7 /* UIKit.framework */ = {isa = PBXFileReference; lastKnownFileType = wrapper.framework; name = UIKit.framework; path = System/Library/Frameworks/UIKit.framework; sourceTree = SDKROOT; };
		5D8A582A18A19E6400D1D2B7 /* GitLabViewer-Info.plist */ = {isa = PBXFileReference; lastKnownFileType = text.plist.xml; path = "GitLabViewer-Info.plist"; sourceTree = "<group>"; };
		5D8A582C18A19E6400D1D2B7 /* en */ = {isa = PBXFileReference; lastKnownFileType = text.plist.strings; name = en; path = en.lproj/InfoPlist.strings; sourceTree = "<group>"; };
		5D8A582E18A19E6400D1D2B7 /* main.m */ = {isa = PBXFileReference; lastKnownFileType = sourcecode.c.objc; path = main.m; sourceTree = "<group>"; };
		5D8A583018A19E6400D1D2B7 /* GitLabViewer-Prefix.pch */ = {isa = PBXFileReference; lastKnownFileType = sourcecode.c.h; path = "GitLabViewer-Prefix.pch"; sourceTree = "<group>"; };
		5D8A583118A19E6400D1D2B7 /* AppDelegate.h */ = {isa = PBXFileReference; lastKnownFileType = sourcecode.c.h; path = AppDelegate.h; sourceTree = "<group>"; };
		5D8A583218A19E6400D1D2B7 /* AppDelegate.m */ = {isa = PBXFileReference; lastKnownFileType = sourcecode.c.objc; path = AppDelegate.m; sourceTree = "<group>"; };
		5D8A583418A19E6400D1D2B7 /* Images.xcassets */ = {isa = PBXFileReference; lastKnownFileType = folder.assetcatalog; path = Images.xcassets; sourceTree = "<group>"; };
		5D8A583A18A19E6400D1D2B7 /* GitLabViewerTests.xctest */ = {isa = PBXFileReference; explicitFileType = wrapper.cfbundle; includeInIndex = 0; path = GitLabViewerTests.xctest; sourceTree = BUILT_PRODUCTS_DIR; };
		5D8A583B18A19E6400D1D2B7 /* XCTest.framework */ = {isa = PBXFileReference; lastKnownFileType = wrapper.framework; name = XCTest.framework; path = Library/Frameworks/XCTest.framework; sourceTree = DEVELOPER_DIR; };
		5D8A584318A19E6400D1D2B7 /* GitLabViewerTests-Info.plist */ = {isa = PBXFileReference; lastKnownFileType = text.plist.xml; path = "GitLabViewerTests-Info.plist"; sourceTree = "<group>"; };
		5D8A584518A19E6400D1D2B7 /* en */ = {isa = PBXFileReference; lastKnownFileType = text.plist.strings; name = en; path = en.lproj/InfoPlist.strings; sourceTree = "<group>"; };
		5D8A584718A19E6400D1D2B7 /* GitLabViewerTests.m */ = {isa = PBXFileReference; lastKnownFileType = sourcecode.c.objc; path = GitLabViewerTests.m; sourceTree = "<group>"; };
		5D8A585218A19F4400D1D2B7 /* LoginViewController.h */ = {isa = PBXFileReference; fileEncoding = 4; lastKnownFileType = sourcecode.c.h; path = LoginViewController.h; sourceTree = "<group>"; };
		5D8A585318A19F4400D1D2B7 /* LoginViewController.m */ = {isa = PBXFileReference; fileEncoding = 4; lastKnownFileType = sourcecode.c.objc; path = LoginViewController.m; sourceTree = "<group>"; };
		5D8A585418A19F4400D1D2B7 /* LoginViewController.xib */ = {isa = PBXFileReference; fileEncoding = 4; lastKnownFileType = file.xib; path = LoginViewController.xib; sourceTree = "<group>"; };
		5D8A586D18A1A45A00D1D2B7 /* ProjectsViewController.h */ = {isa = PBXFileReference; fileEncoding = 4; lastKnownFileType = sourcecode.c.h; path = ProjectsViewController.h; sourceTree = "<group>"; };
		5D8A586E18A1A45A00D1D2B7 /* ProjectsViewController.m */ = {isa = PBXFileReference; fileEncoding = 4; lastKnownFileType = sourcecode.c.objc; path = ProjectsViewController.m; sourceTree = "<group>"; };
		5D8A588118A3316D00D1D2B7 /* IssuesViewController.h */ = {isa = PBXFileReference; fileEncoding = 4; lastKnownFileType = sourcecode.c.h; path = IssuesViewController.h; sourceTree = "<group>"; };
		5D8A588218A3316D00D1D2B7 /* IssuesViewController.m */ = {isa = PBXFileReference; fileEncoding = 4; lastKnownFileType = sourcecode.c.objc; path = IssuesViewController.m; sourceTree = "<group>"; };
		5D8A588518A3318F00D1D2B7 /* MergeRequestsViewController.h */ = {isa = PBXFileReference; fileEncoding = 4; lastKnownFileType = sourcecode.c.h; path = MergeRequestsViewController.h; sourceTree = "<group>"; };
		5D8A588618A3318F00D1D2B7 /* MergeRequestsViewController.m */ = {isa = PBXFileReference; fileEncoding = 4; lastKnownFileType = sourcecode.c.objc; path = MergeRequestsViewController.m; sourceTree = "<group>"; };
		5D8A5ABB18A4113600D1D2B7 /* ProjectsCell.h */ = {isa = PBXFileReference; fileEncoding = 4; lastKnownFileType = sourcecode.c.h; path = ProjectsCell.h; sourceTree = "<group>"; };
		5D8A5ABC18A4113600D1D2B7 /* ProjectsCell.m */ = {isa = PBXFileReference; fileEncoding = 4; lastKnownFileType = sourcecode.c.objc; path = ProjectsCell.m; sourceTree = "<group>"; };
		5D8A5ABF18A4114E00D1D2B7 /* ProjectsCell.xib */ = {isa = PBXFileReference; fileEncoding = 4; lastKnownFileType = file.xib; path = ProjectsCell.xib; sourceTree = "<group>"; };
		B9B3BFCDF32647C2B66CF2AB /* Pods.xcconfig */ = {isa = PBXFileReference; includeInIndex = 1; lastKnownFileType = text.xcconfig; name = Pods.xcconfig; path = Pods/Pods.xcconfig; sourceTree = "<group>"; };
/* End PBXFileReference section */

/* Begin PBXFrameworksBuildPhase section */
		5D8A581C18A19E6400D1D2B7 /* Frameworks */ = {
			isa = PBXFrameworksBuildPhase;
			buildActionMask = 2147483647;
			files = (
				5D8A582518A19E6400D1D2B7 /* CoreGraphics.framework in Frameworks */,
				5D8A582718A19E6400D1D2B7 /* UIKit.framework in Frameworks */,
				5D8A582318A19E6400D1D2B7 /* Foundation.framework in Frameworks */,
				5D1F5A32A83F440EA1A0E702 /* libPods.a in Frameworks */,
			);
			runOnlyForDeploymentPostprocessing = 0;
		};
		5D8A583718A19E6400D1D2B7 /* Frameworks */ = {
			isa = PBXFrameworksBuildPhase;
			buildActionMask = 2147483647;
			files = (
				5D8A583C18A19E6400D1D2B7 /* XCTest.framework in Frameworks */,
				5D8A583E18A19E6400D1D2B7 /* UIKit.framework in Frameworks */,
				5D8A583D18A19E6400D1D2B7 /* Foundation.framework in Frameworks */,
			);
			runOnlyForDeploymentPostprocessing = 0;
		};
/* End PBXFrameworksBuildPhase section */

/* Begin PBXGroup section */
		0C14AE5618BFE5D30068ECA9 /* SyntaxHighlighter */ = {
			isa = PBXGroup;
			children = (
				0C14AE5718BFE5D30068ECA9 /* scripts */,
				0C14AE7418BFE5D30068ECA9 /* src */,
				0C14AE7818BFE5D30068ECA9 /* styles */,
				0C14AE8A18BFE5D30068ECA9 /* template.html */,
			);
			path = SyntaxHighlighter;
			sourceTree = "<group>";
		};
		0C14AE5718BFE5D30068ECA9 /* scripts */ = {
			isa = PBXGroup;
			children = (
				0C4694FE18C121D000523912 /* shBrushObjC.js */,
				0C14AE5818BFE5D30068ECA9 /* shAutoloader.js */,
				0C14AE5918BFE5D30068ECA9 /* shBrushAppleScript.js */,
				0C14AE5A18BFE5D30068ECA9 /* shBrushAS3.js */,
				0C14AE5B18BFE5D30068ECA9 /* shBrushBash.js */,
				0C14AE5C18BFE5D30068ECA9 /* shBrushColdFusion.js */,
				0C14AE5D18BFE5D30068ECA9 /* shBrushCpp.js */,
				0C14AE5E18BFE5D30068ECA9 /* shBrushCSharp.js */,
				0C14AE5F18BFE5D30068ECA9 /* shBrushCss.js */,
				0C14AE6018BFE5D30068ECA9 /* shBrushDelphi.js */,
				0C14AE6118BFE5D30068ECA9 /* shBrushDiff.js */,
				0C14AE6218BFE5D30068ECA9 /* shBrushErlang.js */,
				0C14AE6318BFE5D30068ECA9 /* shBrushGroovy.js */,
				0C14AE6418BFE5D30068ECA9 /* shBrushJava.js */,
				0C14AE6518BFE5D30068ECA9 /* shBrushJavaFX.js */,
				0C14AE6618BFE5D30068ECA9 /* shBrushJScript.js */,
				0C14AE6718BFE5D30068ECA9 /* shBrushPerl.js */,
				0C14AE6818BFE5D30068ECA9 /* shBrushPhp.js */,
				0C14AE6918BFE5D30068ECA9 /* shBrushPlain.js */,
				0C14AE6A18BFE5D30068ECA9 /* shBrushPowerShell.js */,
				0C14AE6B18BFE5D30068ECA9 /* shBrushPython.js */,
				0C14AE6C18BFE5D30068ECA9 /* shBrushRuby.js */,
				0C14AE6D18BFE5D30068ECA9 /* shBrushSass.js */,
				0C14AE6E18BFE5D30068ECA9 /* shBrushScala.js */,
				0C14AE6F18BFE5D30068ECA9 /* shBrushSql.js */,
				0C14AE7018BFE5D30068ECA9 /* shBrushVb.js */,
				0C14AE7118BFE5D30068ECA9 /* shBrushXml.js */,
				0C14AE7218BFE5D30068ECA9 /* shCore.js */,
				0C14AE7318BFE5D30068ECA9 /* shLegacy.js */,
			);
			path = scripts;
			sourceTree = "<group>";
		};
		0C14AE7418BFE5D30068ECA9 /* src */ = {
			isa = PBXGroup;
			children = (
				0C14AE7518BFE5D30068ECA9 /* shAutoloader.js */,
				0C14AE7618BFE5D30068ECA9 /* shCore.js */,
				0C14AE7718BFE5D30068ECA9 /* shLegacy.js */,
			);
			path = src;
			sourceTree = "<group>";
		};
		0C14AE7818BFE5D30068ECA9 /* styles */ = {
			isa = PBXGroup;
			children = (
				0C14AE7918BFE5D30068ECA9 /* shCore.css */,
				0C14AE7A18BFE5D30068ECA9 /* shCoreDefault.css */,
				0C14AE7B18BFE5D30068ECA9 /* shCoreDjango.css */,
				0C14AE7C18BFE5D30068ECA9 /* shCoreEclipse.css */,
				0C14AE7D18BFE5D30068ECA9 /* shCoreEmacs.css */,
				0C14AE7E18BFE5D30068ECA9 /* shCoreFadeToGrey.css */,
				0C14AE7F18BFE5D30068ECA9 /* shCoreMDUltra.css */,
				0C14AE8018BFE5D30068ECA9 /* shCoreMidnight.css */,
				0C14AE8118BFE5D30068ECA9 /* shCoreRDark.css */,
				0C14AE8218BFE5D30068ECA9 /* shThemeDefault.css */,
				0C14AE8318BFE5D30068ECA9 /* shThemeDjango.css */,
				0C14AE8418BFE5D30068ECA9 /* shThemeEclipse.css */,
				0C14AE8518BFE5D30068ECA9 /* shThemeEmacs.css */,
				0C14AE8618BFE5D30068ECA9 /* shThemeFadeToGrey.css */,
				0C14AE8718BFE5D30068ECA9 /* shThemeMDUltra.css */,
				0C14AE8818BFE5D30068ECA9 /* shThemeMidnight.css */,
				0C14AE8918BFE5D30068ECA9 /* shThemeRDark.css */,
			);
			path = styles;
			sourceTree = "<group>";
		};
		0C5F189018A52BEB0035720D /* Project Menu */ = {
			isa = PBXGroup;
			children = (
				0C5F189418A52CAD0035720D /* ProjectMenuViewController.h */,
				0C5F189518A52CAD0035720D /* ProjectMenuViewController.m */,
			);
			path = "Project Menu";
			sourceTree = "<group>";
		};
		0C5F18A318A53D2B0035720D /* Base Project Details */ = {
			isa = PBXGroup;
			children = (
				0C5F18A018A53D150035720D /* BaseProjectDetailViewController.h */,
				0C5F18A118A53D150035720D /* BaseProjectDetailViewController.m */,
			);
			name = "Base Project Details";
			sourceTree = "<group>";
		};
		5D74FD6518AAA59400656E03 /* Utilities */ = {
			isa = PBXGroup;
			children = (
				5D74FD6618AAA5BA00656E03 /* UserPreferences.h */,
				5D74FD6718AAA5BA00656E03 /* UserPreferences.m */,
				5D74FD8A18AAD25200656E03 /* Constants.h */,
				5D74FD8B18AAD25200656E03 /* Constants.m */,
				5D74FDA318AD3D6F00656E03 /* UIAlertView+Blocks.h */,
				5D74FDA418AD3D6F00656E03 /* UIAlertView+Blocks.m */,
				5D74FDAB18AD3F5B00656E03 /* GLNavigationController.h */,
				5D74FDAC18AD3F5B00656E03 /* GLNavigationController.m */,
				0C4694FB18C0CA8300523912 /* CodeLoader.h */,
				0C4694FC18C0CA8300523912 /* CodeLoader.m */,
			);
			path = Utilities;
			sourceTree = "<group>";
		};
		5D74FD6A18AAB75F00656E03 /* Commits */ = {
			isa = PBXGroup;
			children = (
				5D74FD6F18AAB94500656E03 /* CommitsViewController.h */,
				5D74FD7018AAB94500656E03 /* CommitsViewController.m */,
				5D0B0AC218BD21A000949BF0 /* CommitCell.h */,
				5D0B0AC318BD21A000949BF0 /* CommitCell.m */,
				5D0B0AC618BD21B500949BF0 /* CommitCell.xib */,
				5D0B0ABB18BD218D00949BF0 /* SingleCommitViewController.h */,
				5D0B0ABC18BD218D00949BF0 /* SingleCommitViewController.m */,
				5D0B0ABD18BD218D00949BF0 /* SingleCommitViewController.xib */,
			);
			path = Commits;
			sourceTree = "<group>";
		};
		5D74FD6B18AAB75F00656E03 /* Files */ = {
			isa = PBXGroup;
			children = (
				5D74FD7318AAB95800656E03 /* FilesViewController.h */,
				5D74FD7418AAB95800656E03 /* FilesViewController.m */,
				0CDA72D318BBD00F00FE1E1D /* FileCell.h */,
				0CDA72D418BBD00F00FE1E1D /* FileCell.m */,
				0CDA72D618BBD03500FE1E1D /* FileCell.xib */,
				0C0C7B7018BCED1800CCF2DC /* FileViewController.h */,
				0C0C7B7118BCED1800CCF2DC /* FileViewController.m */,
				0C9D87B518BD10880023EAEA /* FileViewController.xib */,
			);
			path = Files;
			sourceTree = "<group>";
		};
		5D74FD6C18AAB75F00656E03 /* Graphs */ = {
			isa = PBXGroup;
			children = (
				5D74FD7718AAB96000656E03 /* GraphsViewController.h */,
				5D74FD7818AAB96000656E03 /* GraphsViewController.m */,
			);
			path = Graphs;
			sourceTree = "<group>";
		};
		5D74FD6E18AAB75F00656E03 /* Settings */ = {
			isa = PBXGroup;
			children = (
				5D74FD7F18AAB97100656E03 /* SettingsViewController.h */,
				5D74FD8018AAB97100656E03 /* SettingsViewController.m */,
			);
			path = Settings;
			sourceTree = "<group>";
		};
		5D8A581618A19E6400D1D2B7 = {
			isa = PBXGroup;
			children = (
				5D8A582818A19E6400D1D2B7 /* GitLabViewer */,
				5D8A584118A19E6400D1D2B7 /* GitLabViewerTests */,
				5D8A582118A19E6400D1D2B7 /* Frameworks */,
				5D8A582018A19E6400D1D2B7 /* Products */,
				B9B3BFCDF32647C2B66CF2AB /* Pods.xcconfig */,
			);
			sourceTree = "<group>";
		};
		5D8A582018A19E6400D1D2B7 /* Products */ = {
			isa = PBXGroup;
			children = (
				5D8A581F18A19E6400D1D2B7 /* GitLabViewer.app */,
				5D8A583A18A19E6400D1D2B7 /* GitLabViewerTests.xctest */,
			);
			name = Products;
			sourceTree = "<group>";
		};
		5D8A582118A19E6400D1D2B7 /* Frameworks */ = {
			isa = PBXGroup;
			children = (
				5D8A582218A19E6400D1D2B7 /* Foundation.framework */,
				5D8A582418A19E6400D1D2B7 /* CoreGraphics.framework */,
				5D8A582618A19E6400D1D2B7 /* UIKit.framework */,
				5D8A583B18A19E6400D1D2B7 /* XCTest.framework */,
				135504ED168842DAADBC91EC /* libPods.a */,
			);
			name = Frameworks;
			sourceTree = "<group>";
		};
		5D8A582818A19E6400D1D2B7 /* GitLabViewer */ = {
			isa = PBXGroup;
			children = (
				0C14AE5618BFE5D30068ECA9 /* SyntaxHighlighter */,
				5D8A583118A19E6400D1D2B7 /* AppDelegate.h */,
				5D8A583218A19E6400D1D2B7 /* AppDelegate.m */,
				5D74FD6518AAA59400656E03 /* Utilities */,
				5D8A585118A19F2F00D1D2B7 /* ViewControllers */,
				5D8A583418A19E6400D1D2B7 /* Images.xcassets */,
				5D8A582918A19E6400D1D2B7 /* Supporting Files */,
			);
			path = GitLabViewer;
			sourceTree = "<group>";
		};
		5D8A582918A19E6400D1D2B7 /* Supporting Files */ = {
			isa = PBXGroup;
			children = (
				5D8A582A18A19E6400D1D2B7 /* GitLabViewer-Info.plist */,
				5D8A582B18A19E6400D1D2B7 /* InfoPlist.strings */,
				5D8A582E18A19E6400D1D2B7 /* main.m */,
				5D8A583018A19E6400D1D2B7 /* GitLabViewer-Prefix.pch */,
			);
			name = "Supporting Files";
			sourceTree = "<group>";
		};
		5D8A584118A19E6400D1D2B7 /* GitLabViewerTests */ = {
			isa = PBXGroup;
			children = (
				5D8A584718A19E6400D1D2B7 /* GitLabViewerTests.m */,
				5D8A584218A19E6400D1D2B7 /* Supporting Files */,
			);
			path = GitLabViewerTests;
			sourceTree = "<group>";
		};
		5D8A584218A19E6400D1D2B7 /* Supporting Files */ = {
			isa = PBXGroup;
			children = (
				5D8A584318A19E6400D1D2B7 /* GitLabViewerTests-Info.plist */,
				5D8A584418A19E6400D1D2B7 /* InfoPlist.strings */,
			);
			name = "Supporting Files";
			sourceTree = "<group>";
		};
		5D8A585118A19F2F00D1D2B7 /* ViewControllers */ = {
			isa = PBXGroup;
			children = (
				5D74FD6A18AAB75F00656E03 /* Commits */,
				5D74FD6B18AAB75F00656E03 /* Files */,
				5D74FD6C18AAB75F00656E03 /* Graphs */,
				5D74FD6E18AAB75F00656E03 /* Settings */,
				0C5F189018A52BEB0035720D /* Project Menu */,
				5D8A585918A1A39400D1D2B7 /* Projects */,
				5D8A587818A330FA00D1D2B7 /* Issues */,
				5D8A587918A330FA00D1D2B7 /* Merge Requests */,
				5D8A585218A19F4400D1D2B7 /* LoginViewController.h */,
				5D8A585318A19F4400D1D2B7 /* LoginViewController.m */,
				5D8A585418A19F4400D1D2B7 /* LoginViewController.xib */,
				0C5F18A318A53D2B0035720D /* Base Project Details */,
				0C9621D618BF849E00A257B9 /* ProjectViewController.h */,
			);
			path = ViewControllers;
			sourceTree = "<group>";
		};
		5D8A585918A1A39400D1D2B7 /* Projects */ = {
			isa = PBXGroup;
			children = (
				5D8A586D18A1A45A00D1D2B7 /* ProjectsViewController.h */,
				5D8A586E18A1A45A00D1D2B7 /* ProjectsViewController.m */,
				5D8A5ABB18A4113600D1D2B7 /* ProjectsCell.h */,
				5D8A5ABC18A4113600D1D2B7 /* ProjectsCell.m */,
				5D8A5ABF18A4114E00D1D2B7 /* ProjectsCell.xib */,
				5D74FD9118AAE02600656E03 /* CreateProjectViewController.h */,
				5D74FD9218AAE02600656E03 /* CreateProjectViewController.m */,
				5D74FD9318AAE02600656E03 /* CreateProjectViewController.xib */,
			);
			path = Projects;
			sourceTree = "<group>";
		};
		5D8A587818A330FA00D1D2B7 /* Issues */ = {
			isa = PBXGroup;
			children = (
				5D8A588118A3316D00D1D2B7 /* IssuesViewController.h */,
				5D8A588218A3316D00D1D2B7 /* IssuesViewController.m */,
				0C0F36DB18A5590900AC65FA /* IssueCell.h */,
				0C0F36DC18A5590900AC65FA /* IssueCell.m */,
				0C0F36DE18A5591B00AC65FA /* IssueCell.xib */,
				5D74FD8318AABED300656E03 /* SingleIssueViewController.h */,
				5D74FD8418AABED300656E03 /* SingleIssueViewController.m */,
				5D74FD8518AABED300656E03 /* SingleIssueViewController.xib */,
				5D74FD9C18AD343C00656E03 /* CreateIssueViewController.h */,
				5D74FD9D18AD343C00656E03 /* CreateIssueViewController.m */,
				5D74FD9E18AD343C00656E03 /* CreateIssueViewController.xib */,
			);
			path = Issues;
			sourceTree = "<group>";
		};
		5D8A587918A330FA00D1D2B7 /* Merge Requests */ = {
			isa = PBXGroup;
			children = (
				5D8A588518A3318F00D1D2B7 /* MergeRequestsViewController.h */,
				5D8A588618A3318F00D1D2B7 /* MergeRequestsViewController.m */,
				0C5F18A418A540130035720D /* MergeRequestCell.h */,
				0C5F18A518A540130035720D /* MergeRequestCell.m */,
				0C5F18A718A5401E0035720D /* MergeRequestCell.xib */,
				5D74FDAF18AD53C000656E03 /* CreateMergeRequestViewController.h */,
				5D74FDB018AD53C000656E03 /* CreateMergeRequestViewController.m */,
				5D74FDB118AD53C000656E03 /* CreateMergeRequestViewController.xib */,
				5D74FDB618AD748F00656E03 /* SingleMergeRequestViewController.h */,
				5D74FDB718AD748F00656E03 /* SingleMergeRequestViewController.m */,
				5D74FDB818AD748F00656E03 /* SingleMergeRequestViewController.xib */,
			);
			path = "Merge Requests";
			sourceTree = "<group>";
		};
/* End PBXGroup section */

/* Begin PBXNativeTarget section */
		5D8A581E18A19E6400D1D2B7 /* GitLabViewer */ = {
			isa = PBXNativeTarget;
			buildConfigurationList = 5D8A584B18A19E6400D1D2B7 /* Build configuration list for PBXNativeTarget "GitLabViewer" */;
			buildPhases = (
				36DD3C28CC694162ADE2FDD0 /* Check Pods Manifest.lock */,
				5D8A581B18A19E6400D1D2B7 /* Sources */,
				5D8A581C18A19E6400D1D2B7 /* Frameworks */,
				5D8A581D18A19E6400D1D2B7 /* Resources */,
				65E9103F9C4F41BC931F0321 /* Copy Pods Resources */,
			);
			buildRules = (
			);
			dependencies = (
			);
			name = GitLabViewer;
			productName = GitLabViewer;
			productReference = 5D8A581F18A19E6400D1D2B7 /* GitLabViewer.app */;
			productType = "com.apple.product-type.application";
		};
		5D8A583918A19E6400D1D2B7 /* GitLabViewerTests */ = {
			isa = PBXNativeTarget;
			buildConfigurationList = 5D8A584E18A19E6400D1D2B7 /* Build configuration list for PBXNativeTarget "GitLabViewerTests" */;
			buildPhases = (
				5D8A583618A19E6400D1D2B7 /* Sources */,
				5D8A583718A19E6400D1D2B7 /* Frameworks */,
				5D8A583818A19E6400D1D2B7 /* Resources */,
			);
			buildRules = (
			);
			dependencies = (
				5D8A584018A19E6400D1D2B7 /* PBXTargetDependency */,
			);
			name = GitLabViewerTests;
			productName = GitLabViewerTests;
			productReference = 5D8A583A18A19E6400D1D2B7 /* GitLabViewerTests.xctest */;
			productType = "com.apple.product-type.bundle.unit-test";
		};
/* End PBXNativeTarget section */

/* Begin PBXProject section */
		5D8A581718A19E6400D1D2B7 /* Project object */ = {
			isa = PBXProject;
			attributes = {
				LastUpgradeCheck = 0500;
				ORGANIZATIONNAME = Indatus;
				TargetAttributes = {
					5D8A581E18A19E6400D1D2B7 = {
						DevelopmentTeam = Y9L2M882FC;
					};
					5D8A583918A19E6400D1D2B7 = {
						TestTargetID = 5D8A581E18A19E6400D1D2B7;
					};
				};
			};
			buildConfigurationList = 5D8A581A18A19E6400D1D2B7 /* Build configuration list for PBXProject "GitLabViewer" */;
			compatibilityVersion = "Xcode 3.2";
			developmentRegion = English;
			hasScannedForEncodings = 0;
			knownRegions = (
				en,
			);
			mainGroup = 5D8A581618A19E6400D1D2B7;
			productRefGroup = 5D8A582018A19E6400D1D2B7 /* Products */;
			projectDirPath = "";
			projectRoot = "";
			targets = (
				5D8A581E18A19E6400D1D2B7 /* GitLabViewer */,
				5D8A583918A19E6400D1D2B7 /* GitLabViewerTests */,
			);
		};
/* End PBXProject section */

/* Begin PBXResourcesBuildPhase section */
		5D8A581D18A19E6400D1D2B7 /* Resources */ = {
			isa = PBXResourcesBuildPhase;
			buildActionMask = 2147483647;
			files = (
				0C4694DC18C0C84A00523912 /* shAutoloader.js in Resources */,
				0C4694DD18C0C84A00523912 /* shBrushAppleScript.js in Resources */,
				0C4694DE18C0C84A00523912 /* shBrushAS3.js in Resources */,
				0C4694DF18C0C84A00523912 /* shBrushBash.js in Resources */,
				0C4694E018C0C84A00523912 /* shBrushColdFusion.js in Resources */,
				0C4694E118C0C84A00523912 /* shBrushCpp.js in Resources */,
				0C4694E218C0C84A00523912 /* shBrushCSharp.js in Resources */,
				0C4694E318C0C84A00523912 /* shBrushCss.js in Resources */,
				0C4694E418C0C84A00523912 /* shBrushDelphi.js in Resources */,
				0C4694E518C0C84A00523912 /* shBrushDiff.js in Resources */,
				0C4694E618C0C84A00523912 /* shBrushErlang.js in Resources */,
				0C4694E718C0C84A00523912 /* shBrushGroovy.js in Resources */,
				0C4694E818C0C84A00523912 /* shBrushJava.js in Resources */,
				0C4694E918C0C84A00523912 /* shBrushJavaFX.js in Resources */,
				0C4694EA18C0C84A00523912 /* shBrushJScript.js in Resources */,
				0C4694EB18C0C84A00523912 /* shBrushPerl.js in Resources */,
				0C4694EC18C0C84A00523912 /* shBrushPhp.js in Resources */,
				0C4694ED18C0C84A00523912 /* shBrushPlain.js in Resources */,
				0C4694EE18C0C84A00523912 /* shBrushPowerShell.js in Resources */,
				0C4694EF18C0C84A00523912 /* shBrushPython.js in Resources */,
				0C4694F018C0C84A00523912 /* shBrushRuby.js in Resources */,
				0C4694F118C0C84A00523912 /* shBrushSass.js in Resources */,
				0C4694F218C0C84A00523912 /* shBrushScala.js in Resources */,
				0C4694F318C0C84A00523912 /* shBrushSql.js in Resources */,
				0C4694F418C0C84A00523912 /* shBrushVb.js in Resources */,
				0C4694F518C0C84A00523912 /* shBrushXml.js in Resources */,
				0C4694F618C0C84A00523912 /* shCore.js in Resources */,
				0C4694F718C0C84A00523912 /* shLegacy.js in Resources */,
				0C4694F818C0C84A00523912 /* shAutoloader.js in Resources */,
				0C4694F918C0C84A00523912 /* shCore.js in Resources */,
				0C4694FA18C0C84A00523912 /* shLegacy.js in Resources */,
				5D8A5AC018A4114E00D1D2B7 /* ProjectsCell.xib in Resources */,
				0C14AEAB18BFE5D30068ECA9 /* shCoreDefault.css in Resources */,
				5D8A582D18A19E6400D1D2B7 /* InfoPlist.strings in Resources */,
				0C14AEAC18BFE5D30068ECA9 /* shCoreDjango.css in Resources */,
				0C14AEB218BFE5D30068ECA9 /* shCoreRDark.css in Resources */,
				5D74FDB418AD53C000656E03 /* CreateMergeRequestViewController.xib in Resources */,
				0C14AEAE18BFE5D30068ECA9 /* shCoreEmacs.css in Resources */,
				5D8A583518A19E6400D1D2B7 /* Images.xcassets in Resources */,
				0C14AEB718BFE5D30068ECA9 /* shThemeFadeToGrey.css in Resources */,
				5D74FDA118AD343C00656E03 /* CreateIssueViewController.xib in Resources */,
				0C14AEB618BFE5D30068ECA9 /* shThemeEmacs.css in Resources */,
				0C14AEBB18BFE5D30068ECA9 /* template.html in Resources */,
				5D8A585718A19F4400D1D2B7 /* LoginViewController.xib in Resources */,
				0C14AEB418BFE5D30068ECA9 /* shThemeDjango.css in Resources */,
				0C14AEB018BFE5D30068ECA9 /* shCoreMDUltra.css in Resources */,
				0C14AEAA18BFE5D30068ECA9 /* shCore.css in Resources */,
				5D74FDBB18AD748F00656E03 /* SingleMergeRequestViewController.xib in Resources */,
				0C9D87B618BD10880023EAEA /* FileViewController.xib in Resources */,
				5D74FD8818AABED300656E03 /* SingleIssueViewController.xib in Resources */,
				0C14AEB818BFE5D30068ECA9 /* shThemeMDUltra.css in Resources */,
				0C14AEB118BFE5D30068ECA9 /* shCoreMidnight.css in Resources */,
				0C5F18A818A5401E0035720D /* MergeRequestCell.xib in Resources */,
				5D74FD9618AAE02600656E03 /* CreateProjectViewController.xib in Resources */,
				5D0B0AC718BD21B500949BF0 /* CommitCell.xib in Resources */,
				0C14AEB518BFE5D30068ECA9 /* shThemeEclipse.css in Resources */,
				0C14AEBA18BFE5D30068ECA9 /* shThemeRDark.css in Resources */,
				0C14AEB918BFE5D30068ECA9 /* shThemeMidnight.css in Resources */,
				0CDA72D718BBD03500FE1E1D /* FileCell.xib in Resources */,
				0C14AEB318BFE5D30068ECA9 /* shThemeDefault.css in Resources */,
				0C4694FF18C121D000523912 /* shBrushObjC.js in Resources */,
				0C14AEAF18BFE5D30068ECA9 /* shCoreFadeToGrey.css in Resources */,
				0C0F36DF18A5591B00AC65FA /* IssueCell.xib in Resources */,
				5D0B0AC018BD218D00949BF0 /* SingleCommitViewController.xib in Resources */,
				0C14AEAD18BFE5D30068ECA9 /* shCoreEclipse.css in Resources */,
			);
			runOnlyForDeploymentPostprocessing = 0;
		};
		5D8A583818A19E6400D1D2B7 /* Resources */ = {
			isa = PBXResourcesBuildPhase;
			buildActionMask = 2147483647;
			files = (
				5D74FD8918AABED300656E03 /* SingleIssueViewController.xib in Resources */,
				5D0B0AC818BD21B500949BF0 /* CommitCell.xib in Resources */,
				5D74FDB518AD53C000656E03 /* CreateMergeRequestViewController.xib in Resources */,
				5D8A5AC118A4114E00D1D2B7 /* ProjectsCell.xib in Resources */,
				5D8A585818A19F4400D1D2B7 /* LoginViewController.xib in Resources */,
				5D74FD9718AAE02600656E03 /* CreateProjectViewController.xib in Resources */,
				5D8A584618A19E6400D1D2B7 /* InfoPlist.strings in Resources */,
				5D74FDBC18AD748F00656E03 /* SingleMergeRequestViewController.xib in Resources */,
				5D74FDA218AD343C00656E03 /* CreateIssueViewController.xib in Resources */,
				5D0B0AC118BD218D00949BF0 /* SingleCommitViewController.xib in Resources */,
			);
			runOnlyForDeploymentPostprocessing = 0;
		};
/* End PBXResourcesBuildPhase section */

/* Begin PBXShellScriptBuildPhase section */
		36DD3C28CC694162ADE2FDD0 /* Check Pods Manifest.lock */ = {
			isa = PBXShellScriptBuildPhase;
			buildActionMask = 2147483647;
			files = (
			);
			inputPaths = (
			);
			name = "Check Pods Manifest.lock";
			outputPaths = (
			);
			runOnlyForDeploymentPostprocessing = 0;
			shellPath = /bin/sh;
			shellScript = "diff \"${PODS_ROOT}/../Podfile.lock\" \"${PODS_ROOT}/Manifest.lock\" > /dev/null\nif [[ $? != 0 ]] ; then\n    cat << EOM\nerror: The sandbox is not in sync with the Podfile.lock. Run 'pod install' or update your CocoaPods installation.\nEOM\n    exit 1\nfi\n";
			showEnvVarsInLog = 0;
		};
		65E9103F9C4F41BC931F0321 /* Copy Pods Resources */ = {
			isa = PBXShellScriptBuildPhase;
			buildActionMask = 2147483647;
			files = (
			);
			inputPaths = (
			);
			name = "Copy Pods Resources";
			outputPaths = (
			);
			runOnlyForDeploymentPostprocessing = 0;
			shellPath = /bin/sh;
			shellScript = "\"${SRCROOT}/Pods/Pods-resources.sh\"\n";
			showEnvVarsInLog = 0;
		};
/* End PBXShellScriptBuildPhase section */

/* Begin PBXSourcesBuildPhase section */
		5D8A581B18A19E6400D1D2B7 /* Sources */ = {
			isa = PBXSourcesBuildPhase;
			buildActionMask = 2147483647;
			files = (
				5D0B0ABE18BD218D00949BF0 /* SingleCommitViewController.m in Sources */,
				0C4694FD18C0CA8300523912 /* CodeLoader.m in Sources */,
				5D8A586F18A1A45A00D1D2B7 /* ProjectsViewController.m in Sources */,
				5D8A588718A3318F00D1D2B7 /* MergeRequestsViewController.m in Sources */,
				5D74FDAD18AD3F5B00656E03 /* GLNavigationController.m in Sources */,
				0C0F36DD18A5590900AC65FA /* IssueCell.m in Sources */,
				5D74FD6818AAA5BA00656E03 /* UserPreferences.m in Sources */,
				5D74FD7118AAB94500656E03 /* CommitsViewController.m in Sources */,
				5D8A583318A19E6400D1D2B7 /* AppDelegate.m in Sources */,
				5D74FD9418AAE02600656E03 /* CreateProjectViewController.m in Sources */,
				5D8A582F18A19E6400D1D2B7 /* main.m in Sources */,
				5D8A585518A19F4400D1D2B7 /* LoginViewController.m in Sources */,
				5D8A5ABD18A4113600D1D2B7 /* ProjectsCell.m in Sources */,
				5D74FD8118AAB97100656E03 /* SettingsViewController.m in Sources */,
				0CDA72D518BBD00F00FE1E1D /* FileCell.m in Sources */,
				5D8A588318A3316D00D1D2B7 /* IssuesViewController.m in Sources */,
				5D74FDB918AD748F00656E03 /* SingleMergeRequestViewController.m in Sources */,
				5D74FD7518AAB95800656E03 /* FilesViewController.m in Sources */,
				5D74FDA518AD3D6F00656E03 /* UIAlertView+Blocks.m in Sources */,
				5D74FD7918AAB96000656E03 /* GraphsViewController.m in Sources */,
				5D0B0AC418BD21A000949BF0 /* CommitCell.m in Sources */,
				0C0C7B7218BCED1800CCF2DC /* FileViewController.m in Sources */,
				0C5F18A618A540130035720D /* MergeRequestCell.m in Sources */,
				0C5F18A218A53D150035720D /* BaseProjectDetailViewController.m in Sources */,
				5D74FD9F18AD343C00656E03 /* CreateIssueViewController.m in Sources */,
				5D74FD8618AABED300656E03 /* SingleIssueViewController.m in Sources */,
				5D74FDB218AD53C000656E03 /* CreateMergeRequestViewController.m in Sources */,
				0C5F189618A52CAD0035720D /* ProjectMenuViewController.m in Sources */,
				5D74FD8C18AAD25200656E03 /* Constants.m in Sources */,
			);
			runOnlyForDeploymentPostprocessing = 0;
		};
		5D8A583618A19E6400D1D2B7 /* Sources */ = {
			isa = PBXSourcesBuildPhase;
			buildActionMask = 2147483647;
			files = (
				5D74FDAE18AD3F5B00656E03 /* GLNavigationController.m in Sources */,
				5D74FDB318AD53C000656E03 /* CreateMergeRequestViewController.m in Sources */,
				5D74FD8718AABED300656E03 /* SingleIssueViewController.m in Sources */,
				5D74FDBA18AD748F00656E03 /* SingleMergeRequestViewController.m in Sources */,
				5D74FD9518AAE02600656E03 /* CreateProjectViewController.m in Sources */,
				5D8A587018A1A45A00D1D2B7 /* ProjectsViewController.m in Sources */,
				5D74FDA618AD3D6F00656E03 /* UIAlertView+Blocks.m in Sources */,
				5D74FD7A18AAB96000656E03 /* GraphsViewController.m in Sources */,
				5D74FD8218AAB97100656E03 /* SettingsViewController.m in Sources */,
				5D0B0AC518BD21A000949BF0 /* CommitCell.m in Sources */,
				5D74FD8D18AAD25200656E03 /* Constants.m in Sources */,
				5D8A588418A3316D00D1D2B7 /* IssuesViewController.m in Sources */,
				5D8A585618A19F4400D1D2B7 /* LoginViewController.m in Sources */,
				5D8A5ABE18A4113600D1D2B7 /* ProjectsCell.m in Sources */,
				5D8A584818A19E6400D1D2B7 /* GitLabViewerTests.m in Sources */,
				5D74FDA018AD343C00656E03 /* CreateIssueViewController.m in Sources */,
				5D74FD7218AAB94500656E03 /* CommitsViewController.m in Sources */,
				5D0B0ABF18BD218D00949BF0 /* SingleCommitViewController.m in Sources */,
				5D74FD6918AAA5BA00656E03 /* UserPreferences.m in Sources */,
				5D74FD7618AAB95800656E03 /* FilesViewController.m in Sources */,
				5D8A588818A3318F00D1D2B7 /* MergeRequestsViewController.m in Sources */,
			);
			runOnlyForDeploymentPostprocessing = 0;
		};
/* End PBXSourcesBuildPhase section */

/* Begin PBXTargetDependency section */
		5D8A584018A19E6400D1D2B7 /* PBXTargetDependency */ = {
			isa = PBXTargetDependency;
			target = 5D8A581E18A19E6400D1D2B7 /* GitLabViewer */;
			targetProxy = 5D8A583F18A19E6400D1D2B7 /* PBXContainerItemProxy */;
		};
/* End PBXTargetDependency section */

/* Begin PBXVariantGroup section */
		5D8A582B18A19E6400D1D2B7 /* InfoPlist.strings */ = {
			isa = PBXVariantGroup;
			children = (
				5D8A582C18A19E6400D1D2B7 /* en */,
			);
			name = InfoPlist.strings;
			sourceTree = "<group>";
		};
		5D8A584418A19E6400D1D2B7 /* InfoPlist.strings */ = {
			isa = PBXVariantGroup;
			children = (
				5D8A584518A19E6400D1D2B7 /* en */,
			);
			name = InfoPlist.strings;
			sourceTree = "<group>";
		};
/* End PBXVariantGroup section */

/* Begin XCBuildConfiguration section */
		5D8A584918A19E6400D1D2B7 /* Debug */ = {
			isa = XCBuildConfiguration;
			buildSettings = {
				ALWAYS_SEARCH_USER_PATHS = NO;
				ARCHS = "$(ARCHS_STANDARD_INCLUDING_64_BIT)";
				CLANG_CXX_LANGUAGE_STANDARD = "gnu++0x";
				CLANG_CXX_LIBRARY = "libc++";
				CLANG_ENABLE_MODULES = YES;
				CLANG_ENABLE_OBJC_ARC = YES;
				CLANG_WARN_BOOL_CONVERSION = YES;
				CLANG_WARN_CONSTANT_CONVERSION = YES;
				CLANG_WARN_DIRECT_OBJC_ISA_USAGE = YES_ERROR;
				CLANG_WARN_EMPTY_BODY = YES;
				CLANG_WARN_ENUM_CONVERSION = YES;
				CLANG_WARN_INT_CONVERSION = YES;
				CLANG_WARN_OBJC_ROOT_CLASS = YES_ERROR;
				CLANG_WARN__DUPLICATE_METHOD_MATCH = YES;
				"CODE_SIGN_IDENTITY[sdk=iphoneos*]" = "iPhone Developer";
				COPY_PHASE_STRIP = NO;
				GCC_C_LANGUAGE_STANDARD = gnu99;
				GCC_DYNAMIC_NO_PIC = NO;
				GCC_OPTIMIZATION_LEVEL = 0;
				GCC_PREPROCESSOR_DEFINITIONS = (
					"DEBUG=1",
					"$(inherited)",
				);
				GCC_SYMBOLS_PRIVATE_EXTERN = NO;
				GCC_WARN_64_TO_32_BIT_CONVERSION = YES;
				GCC_WARN_ABOUT_RETURN_TYPE = YES_ERROR;
				GCC_WARN_UNDECLARED_SELECTOR = YES;
				GCC_WARN_UNINITIALIZED_AUTOS = YES;
				GCC_WARN_UNUSED_FUNCTION = YES;
				GCC_WARN_UNUSED_VARIABLE = YES;
				IPHONEOS_DEPLOYMENT_TARGET = 7.0;
				ONLY_ACTIVE_ARCH = YES;
				SDKROOT = iphoneos;
				TARGETED_DEVICE_FAMILY = "1,2";
			};
			name = Debug;
		};
		5D8A584A18A19E6400D1D2B7 /* Release */ = {
			isa = XCBuildConfiguration;
			buildSettings = {
				ALWAYS_SEARCH_USER_PATHS = NO;
				ARCHS = "$(ARCHS_STANDARD_INCLUDING_64_BIT)";
				CLANG_CXX_LANGUAGE_STANDARD = "gnu++0x";
				CLANG_CXX_LIBRARY = "libc++";
				CLANG_ENABLE_MODULES = YES;
				CLANG_ENABLE_OBJC_ARC = YES;
				CLANG_WARN_BOOL_CONVERSION = YES;
				CLANG_WARN_CONSTANT_CONVERSION = YES;
				CLANG_WARN_DIRECT_OBJC_ISA_USAGE = YES_ERROR;
				CLANG_WARN_EMPTY_BODY = YES;
				CLANG_WARN_ENUM_CONVERSION = YES;
				CLANG_WARN_INT_CONVERSION = YES;
				CLANG_WARN_OBJC_ROOT_CLASS = YES_ERROR;
				CLANG_WARN__DUPLICATE_METHOD_MATCH = YES;
				"CODE_SIGN_IDENTITY[sdk=iphoneos*]" = "iPhone Developer";
				COPY_PHASE_STRIP = YES;
				ENABLE_NS_ASSERTIONS = NO;
				GCC_C_LANGUAGE_STANDARD = gnu99;
				GCC_WARN_64_TO_32_BIT_CONVERSION = YES;
				GCC_WARN_ABOUT_RETURN_TYPE = YES_ERROR;
				GCC_WARN_UNDECLARED_SELECTOR = YES;
				GCC_WARN_UNINITIALIZED_AUTOS = YES;
				GCC_WARN_UNUSED_FUNCTION = YES;
				GCC_WARN_UNUSED_VARIABLE = YES;
				IPHONEOS_DEPLOYMENT_TARGET = 7.0;
				SDKROOT = iphoneos;
				TARGETED_DEVICE_FAMILY = "1,2";
				VALIDATE_PRODUCT = YES;
			};
			name = Release;
		};
		5D8A584C18A19E6400D1D2B7 /* Debug */ = {
			isa = XCBuildConfiguration;
			baseConfigurationReference = B9B3BFCDF32647C2B66CF2AB /* Pods.xcconfig */;
			buildSettings = {
				ASSETCATALOG_COMPILER_APPICON_NAME = AppIcon;
				ASSETCATALOG_COMPILER_LAUNCHIMAGE_NAME = LaunchImage;
				CODE_SIGN_IDENTITY = "iPhone Developer";
				GCC_PRECOMPILE_PREFIX_HEADER = YES;
				GCC_PREFIX_HEADER = "GitLabViewer/GitLabViewer-Prefix.pch";
				INFOPLIST_FILE = "GitLabViewer/GitLabViewer-Info.plist";
				PRODUCT_NAME = "$(TARGET_NAME)";
				PROVISIONING_PROFILE = "73A109A2-4C0C-4F43-B66D-7E1484184545";
				WRAPPER_EXTENSION = app;
			};
			name = Debug;
		};
		5D8A584D18A19E6400D1D2B7 /* Release */ = {
			isa = XCBuildConfiguration;
			baseConfigurationReference = B9B3BFCDF32647C2B66CF2AB /* Pods.xcconfig */;
			buildSettings = {
				ASSETCATALOG_COMPILER_APPICON_NAME = AppIcon;
				ASSETCATALOG_COMPILER_LAUNCHIMAGE_NAME = LaunchImage;
				CODE_SIGN_IDENTITY = "iPhone Developer";
				GCC_PRECOMPILE_PREFIX_HEADER = YES;
				GCC_PREFIX_HEADER = "GitLabViewer/GitLabViewer-Prefix.pch";
				INFOPLIST_FILE = "GitLabViewer/GitLabViewer-Info.plist";
				PRODUCT_NAME = "$(TARGET_NAME)";
				PROVISIONING_PROFILE = "73A109A2-4C0C-4F43-B66D-7E1484184545";
				WRAPPER_EXTENSION = app;
			};
			name = Release;
		};
		5D8A584F18A19E6400D1D2B7 /* Debug */ = {
			isa = XCBuildConfiguration;
			buildSettings = {
				ARCHS = "$(ARCHS_STANDARD_INCLUDING_64_BIT)";
				BUNDLE_LOADER = "$(BUILT_PRODUCTS_DIR)/GitLabViewer.app/GitLabViewer";
				FRAMEWORK_SEARCH_PATHS = (
					"$(SDKROOT)/Developer/Library/Frameworks",
					"$(inherited)",
					"$(DEVELOPER_FRAMEWORKS_DIR)",
				);
				GCC_PRECOMPILE_PREFIX_HEADER = YES;
				GCC_PREFIX_HEADER = "GitLabViewer/GitLabViewer-Prefix.pch";
				GCC_PREPROCESSOR_DEFINITIONS = (
					"DEBUG=1",
					"$(inherited)",
				);
				INFOPLIST_FILE = "GitLabViewerTests/GitLabViewerTests-Info.plist";
				PRODUCT_NAME = "$(TARGET_NAME)";
				TEST_HOST = "$(BUNDLE_LOADER)";
				WRAPPER_EXTENSION = xctest;
			};
			name = Debug;
		};
		5D8A585018A19E6400D1D2B7 /* Release */ = {
			isa = XCBuildConfiguration;
			buildSettings = {
				ARCHS = "$(ARCHS_STANDARD_INCLUDING_64_BIT)";
				BUNDLE_LOADER = "$(BUILT_PRODUCTS_DIR)/GitLabViewer.app/GitLabViewer";
				FRAMEWORK_SEARCH_PATHS = (
					"$(SDKROOT)/Developer/Library/Frameworks",
					"$(inherited)",
					"$(DEVELOPER_FRAMEWORKS_DIR)",
				);
				GCC_PRECOMPILE_PREFIX_HEADER = YES;
				GCC_PREFIX_HEADER = "GitLabViewer/GitLabViewer-Prefix.pch";
				INFOPLIST_FILE = "GitLabViewerTests/GitLabViewerTests-Info.plist";
				PRODUCT_NAME = "$(TARGET_NAME)";
				TEST_HOST = "$(BUNDLE_LOADER)";
				WRAPPER_EXTENSION = xctest;
			};
			name = Release;
		};
/* End XCBuildConfiguration section */

/* Begin XCConfigurationList section */
		5D8A581A18A19E6400D1D2B7 /* Build configuration list for PBXProject "GitLabViewer" */ = {
			isa = XCConfigurationList;
			buildConfigurations = (
				5D8A584918A19E6400D1D2B7 /* Debug */,
				5D8A584A18A19E6400D1D2B7 /* Release */,
			);
			defaultConfigurationIsVisible = 0;
			defaultConfigurationName = Release;
		};
		5D8A584B18A19E6400D1D2B7 /* Build configuration list for PBXNativeTarget "GitLabViewer" */ = {
			isa = XCConfigurationList;
			buildConfigurations = (
				5D8A584C18A19E6400D1D2B7 /* Debug */,
				5D8A584D18A19E6400D1D2B7 /* Release */,
			);
			defaultConfigurationIsVisible = 0;
			defaultConfigurationName = Release;
		};
		5D8A584E18A19E6400D1D2B7 /* Build configuration list for PBXNativeTarget "GitLabViewerTests" */ = {
			isa = XCConfigurationList;
			buildConfigurations = (
				5D8A584F18A19E6400D1D2B7 /* Debug */,
				5D8A585018A19E6400D1D2B7 /* Release */,
			);
			defaultConfigurationIsVisible = 0;
			defaultConfigurationName = Release;
		};
/* End XCConfigurationList section */
	};
	rootObject = 5D8A581718A19E6400D1D2B7 /* Project object */;
}
