PODS:
  - ObjcGitlabApi (1.0.0)

DEPENDENCIES:
  - ObjcGitlabApi (from `https://github.com/Indatus/objc-gitlab-api.git`)

EXTERNAL SOURCES:
  ObjcGitlabApi:
    :git: https://github.com/Indatus/objc-gitlab-api.git

SPEC CHECKSUMS:
  ObjcGitlabApi: cdb8586eb15886dbfcaca250c0be4fd90bd94ff7

COCOAPODS: 0.29.0
