PODS:
  - ObjcGitlabApi (0.1.3)

DEPENDENCIES:
  - ObjcGitlabApi (from `https://github.com/Indatus/objc-gitlab-api.git`)

EXTERNAL SOURCES:
  ObjcGitlabApi:
    :git: https://github.com/Indatus/objc-gitlab-api.git

SPEC CHECKSUMS:
  ObjcGitlabApi: 85089406c4a435a7ac3e4a593cf8cc7ed9e47bde

COCOAPODS: 0.29.0
