PODS:
  - ObjcGitlabApi (1.0.1)

DEPENDENCIES:
  - ObjcGitlabApi (from `https://github.com/Indatus/objc-gitlab-api.git`)

EXTERNAL SOURCES:
  ObjcGitlabApi:
    :git: https://github.com/Indatus/objc-gitlab-api.git

SPEC CHECKSUMS:
  ObjcGitlabApi: f9e98d2ed8964e2a506ac9d2061da096146328cf

COCOAPODS: 0.29.0
